
Microsoft Visual Studio Solution File, Format Version 12.00
# Visual Studio 15
VisualStudioVersion = 15.0.26124.0
MinimumVisualStudioVersion = 15.0.26124.0
Project("{9A19103F-16F7-4668-BE54-9A1E7A4F7556}") = "R5T.Emden.Gmail.LessSecure.Construction", "R5T.Emden.Gmail.LessSecure.Construction\R5T.Emden.Gmail.LessSecure.Construction.csproj", "{704E0933-5B55-4A1F-8A2F-47679C363252}"
EndProject
Project("{9A19103F-16F7-4668-BE54-9A1E7A4F7556}") = "R5T.Emden.Gmail.LessSecure", "R5T.Emden.Gmail.LessSecure\R5T.Emden.Gmail.LessSecure.csproj", "{1ACD93F2-FCE8-4B9C-889C-86AC4CB49217}"
EndProject
Project("{9A19103F-16F7-4668-BE54-9A1E7A4F7556}") = "R5T.Emden.Gmail.LessSecure.Testing", "R5T.Emden.Gmail.LessSecure.Testing\R5T.Emden.Gmail.LessSecure.Testing.csproj", "{BE8E279A-7837-4172-BA5C-7DE8E3947272}"
EndProject
Project("{2150E333-8FDC-42A3-9474-1A3956D46DE8}") = "_Dependencies", "_Dependencies", "{F6362B3A-0FE1-47E0-A36C-FE7412C7F6A0}"
EndProject
Project("{9A19103F-16F7-4668-BE54-9A1E7A4F7556}") = "R5T.Emden.Base", "..\..\R5T.Emden.Base\source\R5T.Emden.Base\R5T.Emden.Base.csproj", "{88BBA537-E5D8-4E7F-B849-5C1D91A025BD}"
EndProject
Global
	GlobalSection(SolutionConfigurationPlatforms) = preSolution
		Debug|Any CPU = Debug|Any CPU
		Debug|x64 = Debug|x64
		Debug|x86 = Debug|x86
		Release|Any CPU = Release|Any CPU
		Release|x64 = Release|x64
		Release|x86 = Release|x86
	EndGlobalSection
	GlobalSection(ProjectConfigurationPlatforms) = postSolution
		{704E0933-5B55-4A1F-8A2F-47679C363252}.Debug|Any CPU.ActiveCfg = Debug|Any CPU
		{704E0933-5B55-4A1F-8A2F-47679C363252}.Debug|Any CPU.Build.0 = Debug|Any CPU
		{704E0933-5B55-4A1F-8A2F-47679C363252}.Debug|x64.ActiveCfg = Debug|Any CPU
		{704E0933-5B55-4A1F-8A2F-47679C363252}.Debug|x64.Build.0 = Debug|Any CPU
		{704E0933-5B55-4A1F-8A2F-47679C363252}.Debug|x86.ActiveCfg = Debug|Any CPU
		{704E0933-5B55-4A1F-8A2F-47679C363252}.Debug|x86.Build.0 = Debug|Any CPU
		{704E0933-5B55-4A1F-8A2F-47679C363252}.Release|Any CPU.ActiveCfg = Release|Any CPU
		{704E0933-5B55-4A1F-8A2F-47679C363252}.Release|Any CPU.Build.0 = Release|Any CPU
		{704E0933-5B55-4A1F-8A2F-47679C363252}.Release|x64.ActiveCfg = Release|Any CPU
		{704E0933-5B55-4A1F-8A2F-47679C363252}.Release|x64.Build.0 = Release|Any CPU
		{704E0933-5B55-4A1F-8A2F-47679C363252}.Release|x86.ActiveCfg = Release|Any CPU
		{704E0933-5B55-4A1F-8A2F-47679C363252}.Release|x86.Build.0 = Release|Any CPU
		{1ACD93F2-FCE8-4B9C-889C-86AC4CB49217}.Debug|Any CPU.ActiveCfg = Debug|Any CPU
		{1ACD93F2-FCE8-4B9C-889C-86AC4CB49217}.Debug|Any CPU.Build.0 = Debug|Any CPU
		{1ACD93F2-FCE8-4B9C-889C-86AC4CB49217}.Debug|x64.ActiveCfg = Debug|Any CPU
		{1ACD93F2-FCE8-4B9C-889C-86AC4CB49217}.Debug|x64.Build.0 = Debug|Any CPU
		{1ACD93F2-FCE8-4B9C-889C-86AC4CB49217}.Debug|x86.ActiveCfg = Debug|Any CPU
		{1ACD93F2-FCE8-4B9C-889C-86AC4CB49217}.Debug|x86.Build.0 = Debug|Any CPU
		{1ACD93F2-FCE8-4B9C-889C-86AC4CB49217}.Release|Any CPU.ActiveCfg = Release|Any CPU
		{1ACD93F2-FCE8-4B9C-889C-86AC4CB49217}.Release|Any CPU.Build.0 = Release|Any CPU
		{1ACD93F2-FCE8-4B9C-889C-86AC4CB49217}.Release|x64.ActiveCfg = Release|Any CPU
		{1ACD93F2-FCE8-4B9C-889C-86AC4CB49217}.Release|x64.Build.0 = Release|Any CPU
		{1ACD93F2-FCE8-4B9C-889C-86AC4CB49217}.Release|x86.ActiveCfg = Release|Any CPU
		{1ACD93F2-FCE8-4B9C-889C-86AC4CB49217}.Release|x86.Build.0 = Release|Any CPU
		{BE8E279A-7837-4172-BA5C-7DE8E3947272}.Debug|Any CPU.ActiveCfg = Debug|Any CPU
		{BE8E279A-7837-4172-BA5C-7DE8E3947272}.Debug|Any CPU.Build.0 = Debug|Any CPU
		{BE8E279A-7837-4172-BA5C-7DE8E3947272}.Debug|x64.ActiveCfg = Debug|Any CPU
		{BE8E279A-7837-4172-BA5C-7DE8E3947272}.Debug|x64.Build.0 = Debug|Any CPU
		{BE8E279A-7837-4172-BA5C-7DE8E3947272}.Debug|x86.ActiveCfg = Debug|Any CPU
		{BE8E279A-7837-4172-BA5C-7DE8E3947272}.Debug|x86.Build.0 = Debug|Any CPU
		{BE8E279A-7837-4172-BA5C-7DE8E3947272}.Release|Any CPU.ActiveCfg = Release|Any CPU
		{BE8E279A-7837-4172-BA5C-7DE8E3947272}.Release|Any CPU.Build.0 = Release|Any CPU
		{BE8E279A-7837-4172-BA5C-7DE8E3947272}.Release|x64.ActiveCfg = Release|Any CPU
		{BE8E279A-7837-4172-BA5C-7DE8E3947272}.Release|x64.Build.0 = Release|Any CPU
		{BE8E279A-7837-4172-BA5C-7DE8E3947272}.Release|x86.ActiveCfg = Release|Any CPU
		{BE8E279A-7837-4172-BA5C-7DE8E3947272}.Release|x86.Build.0 = Release|Any CPU
		{88BBA537-E5D8-4E7F-B849-5C1D91A025BD}.Debug|Any CPU.ActiveCfg = Debug|Any CPU
		{88BBA537-E5D8-4E7F-B849-5C1D91A025BD}.Debug|Any CPU.Build.0 = Debug|Any CPU
		{88BBA537-E5D8-4E7F-B849-5C1D91A025BD}.Debug|x64.ActiveCfg = Debug|Any CPU
		{88BBA537-E5D8-4E7F-B849-5C1D91A025BD}.Debug|x64.Build.0 = Debug|Any CPU
		{88BBA537-E5D8-4E7F-B849-5C1D91A025BD}.Debug|x86.ActiveCfg = Debug|Any CPU
		{88BBA537-E5D8-4E7F-B849-5C1D91A025BD}.Debug|x86.Build.0 = Debug|Any CPU
		{88BBA537-E5D8-4E7F-B849-5C1D91A025BD}.Release|Any CPU.ActiveCfg = Release|Any CPU
		{88BBA537-E5D8-4E7F-B849-5C1D91A025BD}.Release|Any CPU.Build.0 = Release|Any CPU
		{88BBA537-E5D8-4E7F-B849-5C1D91A025BD}.Release|x64.ActiveCfg = Release|Any CPU
		{88BBA537-E5D8-4E7F-B849-5C1D91A025BD}.Release|x64.Build.0 = Release|Any CPU
		{88BBA537-E5D8-4E7F-B849-5C1D91A025BD}.Release|x86.ActiveCfg = Release|Any CPU
		{88BBA537-E5D8-4E7F-B849-5C1D91A025BD}.Release|x86.Build.0 = Release|Any CPU
	EndGlobalSection
	GlobalSection(SolutionProperties) = preSolution
		HideSolutionNode = FALSE
	EndGlobalSection
	GlobalSection(NestedProjects) = preSolution
		{88BBA537-E5D8-4E7F-B849-5C1D91A025BD} = {F6362B3A-0FE1-47E0-A36C-FE7412C7F6A0}
	EndGlobalSection
	GlobalSection(ExtensibilityGlobals) = postSolution
		SolutionGuid = {BE1CE756-FF54-4AFB-B537-91E1557A271E}
	EndGlobalSection
EndGlobal
