
Microsoft Visual Studio Solution File, Format Version 12.00
# Visual Studio 15
VisualStudioVersion = 15.0.26124.0
MinimumVisualStudioVersion = 15.0.26124.0
Project("{9A19103F-16F7-4668-BE54-9A1E7A4F7556}") = "R5T.Emden.Gmail.LessSecure.Construction", "R5T.Emden.Gmail.LessSecure.Construction\R5T.Emden.Gmail.LessSecure.Construction.csproj", "{704E0933-5B55-4A1F-8A2F-47679C363252}"
EndProject
Project("{9A19103F-16F7-4668-BE54-9A1E7A4F7556}") = "R5T.Emden.Gmail.LessSecure", "R5T.Emden.Gmail.LessSecure\R5T.Emden.Gmail.LessSecure.csproj", "{1ACD93F2-FCE8-4B9C-889C-86AC4CB49217}"
EndProject
Project("{9A19103F-16F7-4668-BE54-9A1E7A4F7556}") = "R5T.Emden.Gmail.LessSecure.Testing", "R5T.Emden.Gmail.LessSecure.Testing\R5T.Emden.Gmail.LessSecure.Testing.csproj", "{BE8E279A-7837-4172-BA5C-7DE8E3947272}"
EndProject
Project("{2150E333-8FDC-42A3-9474-1A3956D46DE8}") = "_Dependencies", "_Dependencies", "{F6362B3A-0FE1-47E0-A36C-FE7412C7F6A0}"
EndProject
Project("{9A19103F-16F7-4668-BE54-9A1E7A4F7556}") = "R5T.Emden.Base", "..\..\R5T.Emden.Base\source\R5T.Emden.Base\R5T.Emden.Base.csproj", "{88BBA537-E5D8-4E7F-B849-5C1D91A025BD}"
EndProject
Project("{9A19103F-16F7-4668-BE54-9A1E7A4F7556}") = "R5T.Scotia", "..\..\R5T.Scotia\source\R5T.Scotia\R5T.Scotia.csproj", "{F9E4FD1A-B664-4E14-BA8A-F0CD75432C0C}"
EndProject
Project("{9A19103F-16F7-4668-BE54-9A1E7A4F7556}") = "R5T.Alamania.Bulgaria", "..\..\R5T.Alamania.Bulgaria\source\R5T.Alamania.Bulgaria\R5T.Alamania.Bulgaria.csproj", "{9B949BA6-8BDB-433C-86E1-88F6390E3B87}"
EndProject
Project("{9A19103F-16F7-4668-BE54-9A1E7A4F7556}") = "R5T.Alamania.Base", "..\..\R5T.Alamania.Base\source\R5T.Alamania.Base\R5T.Alamania.Base.csproj", "{99D9B41E-4F95-4F05-B1B0-E2EAAC910C37}"
EndProject
Project("{9A19103F-16F7-4668-BE54-9A1E7A4F7556}") = "R5T.Bulgaria.Base", "..\..\R5T.Bulgaria.Base\source\R5T.Bulgaria.Base\R5T.Bulgaria.Base.csproj", "{11B7F601-31B3-4936-B70D-FE25309EA2BD}"
EndProject
Project("{9A19103F-16F7-4668-BE54-9A1E7A4F7556}") = "R5T.Costobocia.Base", "..\..\R5T.Costobocia.Base\source\R5T.Costobocia.Base\R5T.Costobocia.Base.csproj", "{EE5299B8-3E26-43AF-A0A4-12283B0CE700}"
EndProject
Project("{9A19103F-16F7-4668-BE54-9A1E7A4F7556}") = "R5T.Ostrogothia", "..\..\R5T.Ostrogothia\source\R5T.Ostrogothia\R5T.Ostrogothia.csproj", "{C99CC471-69A1-4786-861A-D5694E566046}"
EndProject
Project("{9A19103F-16F7-4668-BE54-9A1E7A4F7556}") = "R5T.Ostrogothia.Rivet", "..\..\R5T.Ostrogothia.Rivet\source\R5T.Ostrogothia.Rivet\R5T.Ostrogothia.Rivet.csproj", "{5291F054-1D6D-4815-BE22-2C6196C305EA}"
EndProject
Project("{9A19103F-16F7-4668-BE54-9A1E7A4F7556}") = "R5T.Bulgaria.Default.Local", "..\..\R5T.Bulgaria.Default.Local\source\R5T.Bulgaria.Default.Local\R5T.Bulgaria.Default.Local.csproj", "{9557F53F-A6BA-44EE-BDCF-8E669DDE1F60}"
EndProject
Project("{9A19103F-16F7-4668-BE54-9A1E7A4F7556}") = "R5T.Lombardy.Base", "..\..\R5T.Lombardy.Base\source\R5T.Lombardy.Base\R5T.Lombardy.Base.csproj", "{FCAF080A-6E51-4D12-8F11-FB383ECC0EC7}"
EndProject
Project("{9A19103F-16F7-4668-BE54-9A1E7A4F7556}") = "R5T.Visigothia.Base", "..\..\R5T.Visigothia.Base\source\R5T.Visigothia.Base\R5T.Visigothia.Base.csproj", "{DB3B5233-056C-48CC-8B84-4FDAD899382D}"
EndProject
Project("{9A19103F-16F7-4668-BE54-9A1E7A4F7556}") = "R5T.Chamavia", "..\..\R5T.Chamavia\source\R5T.Chamavia\R5T.Chamavia.csproj", "{ECE602D9-FF97-4A8F-BCF5-8CA71131CF57}"
EndProject
Project("{9A19103F-16F7-4668-BE54-9A1E7A4F7556}") = "R5T.Costobocia.Default", "..\..\R5T.Costobocia.Default\source\R5T.Costobocia.Default\R5T.Costobocia.Default.csproj", "{1F65F1A1-157A-4029-A55E-C75C264ABBB6}"
EndProject
Project("{9A19103F-16F7-4668-BE54-9A1E7A4F7556}") = "R5T.Dacia", "..\..\R5T.Dacia\source\R5T.Dacia\R5T.Dacia.csproj", "{03C4C5D0-3313-4818-81A1-7A5B9CD69D22}"
EndProject
Project("{9A19103F-16F7-4668-BE54-9A1E7A4F7556}") = "R5T.Lombardy", "..\..\R5T.Lombardy\source\R5T.Lombardy\R5T.Lombardy.csproj", "{4CFD9275-3377-4F24-834A-1A2D876B0945}"
EndProject
Project("{9A19103F-16F7-4668-BE54-9A1E7A4F7556}") = "R5T.Cherusci", "..\..\R5T.Cherusci\source\R5T.Cherusci\R5T.Cherusci.csproj", "{56684C0C-3FBE-4BDA-9966-C3237778C245}"
EndProject
Project("{9A19103F-16F7-4668-BE54-9A1E7A4F7556}") = "R5T.Magyar", "..\..\R5T.Magyar\source\R5T.Magyar\R5T.Magyar.csproj", "{63EE4789-2854-4211-83BA-14EFC5614D89}"
EndProject
Project("{9A19103F-16F7-4668-BE54-9A1E7A4F7556}") = "R5T.Rugia", "..\..\R5T.Rugia\source\R5T.Rugia\R5T.Rugia.csproj", "{47C239FA-C480-42B7-A2BF-A17C51754C84}"
EndProject
Project("{9A19103F-16F7-4668-BE54-9A1E7A4F7556}") = "R5T.Rugia.Base", "..\..\R5T.Rugia.Base\source\R5T.Rugia.Base\R5T.Rugia.Base.csproj", "{C53C46A7-67ED-4472-B89B-58432CF2819A}"
EndProject
Project("{9A19103F-16F7-4668-BE54-9A1E7A4F7556}") = "R5T.Suebia.Alamania", "..\..\R5T.Suebia.Alamania\source\R5T.Suebia.Alamania\R5T.Suebia.Alamania.csproj", "{02D51036-ED5D-4BEC-9A7C-D8CA42676397}"
EndProject
Project("{9A19103F-16F7-4668-BE54-9A1E7A4F7556}") = "R5T.Suebia.Base", "..\..\R5T.Suebia.Base\source\R5T.Suebia.Base\R5T.Suebia.Base.csproj", "{475824A6-A93A-41D2-8ABC-7943AC635306}"
EndProject
Project("{9A19103F-16F7-4668-BE54-9A1E7A4F7556}") = "R5T.Visigothia.Default.Local", "..\..\R5T.Visigothia.Default.Local\source\R5T.Visigothia.Default.Local\R5T.Visigothia.Default.Local.csproj", "{583FD029-1780-4B45-96A9-765B48C8F733}"
EndProject
Project("{9A19103F-16F7-4668-BE54-9A1E7A4F7556}") = "R5T.Sardinia", "..\..\R5T.Sardinia\source\R5T.Sardinia\R5T.Sardinia.csproj", "{71C85C0A-8A1C-4179-9540-A1770D1C3A01}"
EndProject
Project("{9A19103F-16F7-4668-BE54-9A1E7A4F7556}") = "R5T.Argos", "..\..\R5T.Argos\source\R5T.Argos\R5T.Argos.csproj", "{619E0245-0CD4-4925-8C64-E09589CC5048}"
EndProject
Project("{9A19103F-16F7-4668-BE54-9A1E7A4F7556}") = "R5T.Gimpolis", "..\..\R5T.Gimpolis\source\R5T.Gimpolis\R5T.Gimpolis.csproj", "{CA1B7F47-1FA6-440C-A853-7BB838C0C4F7}"
EndProject
Project("{9A19103F-16F7-4668-BE54-9A1E7A4F7556}") = "R5T.Exeter", "..\..\R5T.Exeter\source\R5T.Exeter\R5T.Exeter.csproj", "{53BFDDC0-66F7-473C-94A3-DAC41B240B10}"
EndProject
Project("{9A19103F-16F7-4668-BE54-9A1E7A4F7556}") = "R5T.Chamavia.Extensions", "..\..\R5T.Chamavia.Extensions\source\R5T.Chamavia.Extensions\R5T.Chamavia.Extensions.csproj", "{BB42CA96-8D45-44A6-94F4-64C405C511DF}"
EndProject
Project("{9A19103F-16F7-4668-BE54-9A1E7A4F7556}") = "R5T.Dacia.Extensions", "..\..\R5T.Dacia.Extensions\source\R5T.Dacia.Extensions\R5T.Dacia.Extensions.csproj", "{2805F2C2-5781-4513-97CB-1F1C208BC293}"
EndProject
Project("{9A19103F-16F7-4668-BE54-9A1E7A4F7556}") = "R5T.Langobard.Extensions", "..\..\R5T.Langobard.Extensions\source\R5T.Langobard.Extensions\R5T.Langobard.Extensions.csproj", "{FFC773DD-7F06-497D-9553-FFD93E26FB73}"
EndProject
Project("{9A19103F-16F7-4668-BE54-9A1E7A4F7556}") = "R5T.Langobard.Console", "..\..\R5T.Langobard\source\R5T.Langobard.Console\R5T.Langobard.Console.csproj", "{BF8987F5-2DD1-43E0-BBF9-2B5FD2FB422D}"
EndProject
Project("{9A19103F-16F7-4668-BE54-9A1E7A4F7556}") = "R5T.Langobard", "..\..\R5T.Langobard\source\R5T.Langobard\R5T.Langobard.csproj", "{FF05DBF4-9D8A-498E-81D1-5E7B1F93CFB6}"
EndProject
Project("{9A19103F-16F7-4668-BE54-9A1E7A4F7556}") = "R5T.Opatia", "..\..\R5T.Opatia\source\R5T.Opatia\R5T.Opatia.csproj", "{8C231D12-CD60-457B-9B67-FD6C72D45767}"
EndProject
Project("{9A19103F-16F7-4668-BE54-9A1E7A4F7556}") = "R5T.T0064", "..\..\R5T.T0064\source\R5T.T0064\R5T.T0064.csproj", "{FA5BB822-791B-401E-B308-D9662C10DF1A}"
EndProject
Project("{9A19103F-16F7-4668-BE54-9A1E7A4F7556}") = "R5T.Ostrogothia.Abstractions", "..\..\R5T.Ostrogothia\source\R5T.Ostrogothia.Abstractions\R5T.Ostrogothia.Abstractions.csproj", "{33918893-EEBF-40A4-9FCD-8B8603D1FD4E}"
EndProject
Project("{9A19103F-16F7-4668-BE54-9A1E7A4F7556}") = "R5T.Ostrogothia.Rivet.Types", "..\..\R5T.Ostrogothia.Rivet\source\R5T.Ostrogothia.Rivet.Types\R5T.Ostrogothia.Rivet.Types.csproj", "{B63F6AD4-9BDD-4412-9FD5-C1827A2F63DD}"
EndProject
Project("{9A19103F-16F7-4668-BE54-9A1E7A4F7556}") = "R5T.Ostrogothia.Types", "..\..\R5T.Ostrogothia\source\R5T.Ostrogothia.Types\R5T.Ostrogothia.Types.csproj", "{9D1CAB44-1DCA-4903-94A5-84666754EEDD}"
EndProject
Project("{9A19103F-16F7-4668-BE54-9A1E7A4F7556}") = "R5T.T0062.X001", "..\..\R5T.T0062\source\R5T.T0062.X001\R5T.T0062.X001.csproj", "{BC8F4775-EECE-402D-9704-3B89B3098242}"
EndProject
Project("{9A19103F-16F7-4668-BE54-9A1E7A4F7556}") = "R5T.T0063", "..\..\R5T.T0063\source\R5T.T0063\R5T.T0063.csproj", "{CA9F5993-E50C-4F76-9670-E024176371F3}"
EndProject
Project("{9A19103F-16F7-4668-BE54-9A1E7A4F7556}") = "R5T.L0013", "..\..\R5T.L0013\source\R5T.L0013\R5T.L0013.csproj", "{7203E921-AF00-455E-B414-3BF836879A7C}"
EndProject
Project("{9A19103F-16F7-4668-BE54-9A1E7A4F7556}") = "R5T.T0062", "..\..\R5T.T0062\source\R5T.T0062\R5T.T0062.csproj", "{7017568C-8749-4742-8DEB-484AB9577E23}"
EndProject
Project("{9A19103F-16F7-4668-BE54-9A1E7A4F7556}") = "R5T.T0039.T002", "..\..\R5T.T0039\source\R5T.T0039.T002\R5T.T0039.T002.csproj", "{95C9ADE3-DEA6-473B-94E4-D0D1534CB0FC}"
EndProject
Project("{9A19103F-16F7-4668-BE54-9A1E7A4F7556}") = "R5T.Quadia", "..\..\R5T.Quadia\source\R5T.Quadia\R5T.Quadia.csproj", "{5C2D547B-A69F-467F-8956-760F155632B6}"
EndProject
Project("{9A19103F-16F7-4668-BE54-9A1E7A4F7556}") = "R5T.Suebia.Default", "..\..\R5T.Suebia.Default\source\R5T.Suebia.Default\R5T.Suebia.Default.csproj", "{24E8F562-AC61-4A20-8E47-A26DC6DC3847}"
EndProject
Project("{9A19103F-16F7-4668-BE54-9A1E7A4F7556}") = "R5T.Ostrogothia.Base", "..\..\R5T.Ostrogothia\source\R5T.Ostrogothia.Base\R5T.Ostrogothia.Base.csproj", "{4979087D-1107-4DE5-B742-76DC4A4F70EE}"
EndProject
Global
	GlobalSection(SolutionConfigurationPlatforms) = preSolution
		Debug|Any CPU = Debug|Any CPU
		Debug|x64 = Debug|x64
		Debug|x86 = Debug|x86
		Release|Any CPU = Release|Any CPU
		Release|x64 = Release|x64
		Release|x86 = Release|x86
	EndGlobalSection
	GlobalSection(ProjectConfigurationPlatforms) = postSolution
		{704E0933-5B55-4A1F-8A2F-47679C363252}.Debug|Any CPU.ActiveCfg = Debug|Any CPU
		{704E0933-5B55-4A1F-8A2F-47679C363252}.Debug|Any CPU.Build.0 = Debug|Any CPU
		{704E0933-5B55-4A1F-8A2F-47679C363252}.Debug|x64.ActiveCfg = Debug|Any CPU
		{704E0933-5B55-4A1F-8A2F-47679C363252}.Debug|x64.Build.0 = Debug|Any CPU
		{704E0933-5B55-4A1F-8A2F-47679C363252}.Debug|x86.ActiveCfg = Debug|Any CPU
		{704E0933-5B55-4A1F-8A2F-47679C363252}.Debug|x86.Build.0 = Debug|Any CPU
		{704E0933-5B55-4A1F-8A2F-47679C363252}.Release|Any CPU.ActiveCfg = Release|Any CPU
		{704E0933-5B55-4A1F-8A2F-47679C363252}.Release|Any CPU.Build.0 = Release|Any CPU
		{704E0933-5B55-4A1F-8A2F-47679C363252}.Release|x64.ActiveCfg = Release|Any CPU
		{704E0933-5B55-4A1F-8A2F-47679C363252}.Release|x64.Build.0 = Release|Any CPU
		{704E0933-5B55-4A1F-8A2F-47679C363252}.Release|x86.ActiveCfg = Release|Any CPU
		{704E0933-5B55-4A1F-8A2F-47679C363252}.Release|x86.Build.0 = Release|Any CPU
		{1ACD93F2-FCE8-4B9C-889C-86AC4CB49217}.Debug|Any CPU.ActiveCfg = Debug|Any CPU
		{1ACD93F2-FCE8-4B9C-889C-86AC4CB49217}.Debug|Any CPU.Build.0 = Debug|Any CPU
		{1ACD93F2-FCE8-4B9C-889C-86AC4CB49217}.Debug|x64.ActiveCfg = Debug|Any CPU
		{1ACD93F2-FCE8-4B9C-889C-86AC4CB49217}.Debug|x64.Build.0 = Debug|Any CPU
		{1ACD93F2-FCE8-4B9C-889C-86AC4CB49217}.Debug|x86.ActiveCfg = Debug|Any CPU
		{1ACD93F2-FCE8-4B9C-889C-86AC4CB49217}.Debug|x86.Build.0 = Debug|Any CPU
		{1ACD93F2-FCE8-4B9C-889C-86AC4CB49217}.Release|Any CPU.ActiveCfg = Release|Any CPU
		{1ACD93F2-FCE8-4B9C-889C-86AC4CB49217}.Release|Any CPU.Build.0 = Release|Any CPU
		{1ACD93F2-FCE8-4B9C-889C-86AC4CB49217}.Release|x64.ActiveCfg = Release|Any CPU
		{1ACD93F2-FCE8-4B9C-889C-86AC4CB49217}.Release|x64.Build.0 = Release|Any CPU
		{1ACD93F2-FCE8-4B9C-889C-86AC4CB49217}.Release|x86.ActiveCfg = Release|Any CPU
		{1ACD93F2-FCE8-4B9C-889C-86AC4CB49217}.Release|x86.Build.0 = Release|Any CPU
		{BE8E279A-7837-4172-BA5C-7DE8E3947272}.Debug|Any CPU.ActiveCfg = Debug|Any CPU
		{BE8E279A-7837-4172-BA5C-7DE8E3947272}.Debug|Any CPU.Build.0 = Debug|Any CPU
		{BE8E279A-7837-4172-BA5C-7DE8E3947272}.Debug|x64.ActiveCfg = Debug|Any CPU
		{BE8E279A-7837-4172-BA5C-7DE8E3947272}.Debug|x64.Build.0 = Debug|Any CPU
		{BE8E279A-7837-4172-BA5C-7DE8E3947272}.Debug|x86.ActiveCfg = Debug|Any CPU
		{BE8E279A-7837-4172-BA5C-7DE8E3947272}.Debug|x86.Build.0 = Debug|Any CPU
		{BE8E279A-7837-4172-BA5C-7DE8E3947272}.Release|Any CPU.ActiveCfg = Release|Any CPU
		{BE8E279A-7837-4172-BA5C-7DE8E3947272}.Release|Any CPU.Build.0 = Release|Any CPU
		{BE8E279A-7837-4172-BA5C-7DE8E3947272}.Release|x64.ActiveCfg = Release|Any CPU
		{BE8E279A-7837-4172-BA5C-7DE8E3947272}.Release|x64.Build.0 = Release|Any CPU
		{BE8E279A-7837-4172-BA5C-7DE8E3947272}.Release|x86.ActiveCfg = Release|Any CPU
		{BE8E279A-7837-4172-BA5C-7DE8E3947272}.Release|x86.Build.0 = Release|Any CPU
		{88BBA537-E5D8-4E7F-B849-5C1D91A025BD}.Debug|Any CPU.ActiveCfg = Debug|Any CPU
		{88BBA537-E5D8-4E7F-B849-5C1D91A025BD}.Debug|Any CPU.Build.0 = Debug|Any CPU
		{88BBA537-E5D8-4E7F-B849-5C1D91A025BD}.Debug|x64.ActiveCfg = Debug|Any CPU
		{88BBA537-E5D8-4E7F-B849-5C1D91A025BD}.Debug|x64.Build.0 = Debug|Any CPU
		{88BBA537-E5D8-4E7F-B849-5C1D91A025BD}.Debug|x86.ActiveCfg = Debug|Any CPU
		{88BBA537-E5D8-4E7F-B849-5C1D91A025BD}.Debug|x86.Build.0 = Debug|Any CPU
		{88BBA537-E5D8-4E7F-B849-5C1D91A025BD}.Release|Any CPU.ActiveCfg = Release|Any CPU
		{88BBA537-E5D8-4E7F-B849-5C1D91A025BD}.Release|Any CPU.Build.0 = Release|Any CPU
		{88BBA537-E5D8-4E7F-B849-5C1D91A025BD}.Release|x64.ActiveCfg = Release|Any CPU
		{88BBA537-E5D8-4E7F-B849-5C1D91A025BD}.Release|x64.Build.0 = Release|Any CPU
		{88BBA537-E5D8-4E7F-B849-5C1D91A025BD}.Release|x86.ActiveCfg = Release|Any CPU
		{88BBA537-E5D8-4E7F-B849-5C1D91A025BD}.Release|x86.Build.0 = Release|Any CPU
		{F9E4FD1A-B664-4E14-BA8A-F0CD75432C0C}.Debug|Any CPU.ActiveCfg = Debug|Any CPU
		{F9E4FD1A-B664-4E14-BA8A-F0CD75432C0C}.Debug|Any CPU.Build.0 = Debug|Any CPU
		{F9E4FD1A-B664-4E14-BA8A-F0CD75432C0C}.Debug|x64.ActiveCfg = Debug|Any CPU
		{F9E4FD1A-B664-4E14-BA8A-F0CD75432C0C}.Debug|x64.Build.0 = Debug|Any CPU
		{F9E4FD1A-B664-4E14-BA8A-F0CD75432C0C}.Debug|x86.ActiveCfg = Debug|Any CPU
		{F9E4FD1A-B664-4E14-BA8A-F0CD75432C0C}.Debug|x86.Build.0 = Debug|Any CPU
		{F9E4FD1A-B664-4E14-BA8A-F0CD75432C0C}.Release|Any CPU.ActiveCfg = Release|Any CPU
		{F9E4FD1A-B664-4E14-BA8A-F0CD75432C0C}.Release|Any CPU.Build.0 = Release|Any CPU
		{F9E4FD1A-B664-4E14-BA8A-F0CD75432C0C}.Release|x64.ActiveCfg = Release|Any CPU
		{F9E4FD1A-B664-4E14-BA8A-F0CD75432C0C}.Release|x64.Build.0 = Release|Any CPU
		{F9E4FD1A-B664-4E14-BA8A-F0CD75432C0C}.Release|x86.ActiveCfg = Release|Any CPU
		{F9E4FD1A-B664-4E14-BA8A-F0CD75432C0C}.Release|x86.Build.0 = Release|Any CPU
		{9B949BA6-8BDB-433C-86E1-88F6390E3B87}.Debug|Any CPU.ActiveCfg = Debug|Any CPU
		{9B949BA6-8BDB-433C-86E1-88F6390E3B87}.Debug|Any CPU.Build.0 = Debug|Any CPU
		{9B949BA6-8BDB-433C-86E1-88F6390E3B87}.Debug|x64.ActiveCfg = Debug|Any CPU
		{9B949BA6-8BDB-433C-86E1-88F6390E3B87}.Debug|x64.Build.0 = Debug|Any CPU
		{9B949BA6-8BDB-433C-86E1-88F6390E3B87}.Debug|x86.ActiveCfg = Debug|Any CPU
		{9B949BA6-8BDB-433C-86E1-88F6390E3B87}.Debug|x86.Build.0 = Debug|Any CPU
		{9B949BA6-8BDB-433C-86E1-88F6390E3B87}.Release|Any CPU.ActiveCfg = Release|Any CPU
		{9B949BA6-8BDB-433C-86E1-88F6390E3B87}.Release|Any CPU.Build.0 = Release|Any CPU
		{9B949BA6-8BDB-433C-86E1-88F6390E3B87}.Release|x64.ActiveCfg = Release|Any CPU
		{9B949BA6-8BDB-433C-86E1-88F6390E3B87}.Release|x64.Build.0 = Release|Any CPU
		{9B949BA6-8BDB-433C-86E1-88F6390E3B87}.Release|x86.ActiveCfg = Release|Any CPU
		{9B949BA6-8BDB-433C-86E1-88F6390E3B87}.Release|x86.Build.0 = Release|Any CPU
		{99D9B41E-4F95-4F05-B1B0-E2EAAC910C37}.Debug|Any CPU.ActiveCfg = Debug|Any CPU
		{99D9B41E-4F95-4F05-B1B0-E2EAAC910C37}.Debug|Any CPU.Build.0 = Debug|Any CPU
		{99D9B41E-4F95-4F05-B1B0-E2EAAC910C37}.Debug|x64.ActiveCfg = Debug|Any CPU
		{99D9B41E-4F95-4F05-B1B0-E2EAAC910C37}.Debug|x64.Build.0 = Debug|Any CPU
		{99D9B41E-4F95-4F05-B1B0-E2EAAC910C37}.Debug|x86.ActiveCfg = Debug|Any CPU
		{99D9B41E-4F95-4F05-B1B0-E2EAAC910C37}.Debug|x86.Build.0 = Debug|Any CPU
		{99D9B41E-4F95-4F05-B1B0-E2EAAC910C37}.Release|Any CPU.ActiveCfg = Release|Any CPU
		{99D9B41E-4F95-4F05-B1B0-E2EAAC910C37}.Release|Any CPU.Build.0 = Release|Any CPU
		{99D9B41E-4F95-4F05-B1B0-E2EAAC910C37}.Release|x64.ActiveCfg = Release|Any CPU
		{99D9B41E-4F95-4F05-B1B0-E2EAAC910C37}.Release|x64.Build.0 = Release|Any CPU
		{99D9B41E-4F95-4F05-B1B0-E2EAAC910C37}.Release|x86.ActiveCfg = Release|Any CPU
		{99D9B41E-4F95-4F05-B1B0-E2EAAC910C37}.Release|x86.Build.0 = Release|Any CPU
		{11B7F601-31B3-4936-B70D-FE25309EA2BD}.Debug|Any CPU.ActiveCfg = Debug|Any CPU
		{11B7F601-31B3-4936-B70D-FE25309EA2BD}.Debug|Any CPU.Build.0 = Debug|Any CPU
		{11B7F601-31B3-4936-B70D-FE25309EA2BD}.Debug|x64.ActiveCfg = Debug|Any CPU
		{11B7F601-31B3-4936-B70D-FE25309EA2BD}.Debug|x64.Build.0 = Debug|Any CPU
		{11B7F601-31B3-4936-B70D-FE25309EA2BD}.Debug|x86.ActiveCfg = Debug|Any CPU
		{11B7F601-31B3-4936-B70D-FE25309EA2BD}.Debug|x86.Build.0 = Debug|Any CPU
		{11B7F601-31B3-4936-B70D-FE25309EA2BD}.Release|Any CPU.ActiveCfg = Release|Any CPU
		{11B7F601-31B3-4936-B70D-FE25309EA2BD}.Release|Any CPU.Build.0 = Release|Any CPU
		{11B7F601-31B3-4936-B70D-FE25309EA2BD}.Release|x64.ActiveCfg = Release|Any CPU
		{11B7F601-31B3-4936-B70D-FE25309EA2BD}.Release|x64.Build.0 = Release|Any CPU
		{11B7F601-31B3-4936-B70D-FE25309EA2BD}.Release|x86.ActiveCfg = Release|Any CPU
		{11B7F601-31B3-4936-B70D-FE25309EA2BD}.Release|x86.Build.0 = Release|Any CPU
		{EE5299B8-3E26-43AF-A0A4-12283B0CE700}.Debug|Any CPU.ActiveCfg = Debug|Any CPU
		{EE5299B8-3E26-43AF-A0A4-12283B0CE700}.Debug|Any CPU.Build.0 = Debug|Any CPU
		{EE5299B8-3E26-43AF-A0A4-12283B0CE700}.Debug|x64.ActiveCfg = Debug|Any CPU
		{EE5299B8-3E26-43AF-A0A4-12283B0CE700}.Debug|x64.Build.0 = Debug|Any CPU
		{EE5299B8-3E26-43AF-A0A4-12283B0CE700}.Debug|x86.ActiveCfg = Debug|Any CPU
		{EE5299B8-3E26-43AF-A0A4-12283B0CE700}.Debug|x86.Build.0 = Debug|Any CPU
		{EE5299B8-3E26-43AF-A0A4-12283B0CE700}.Release|Any CPU.ActiveCfg = Release|Any CPU
		{EE5299B8-3E26-43AF-A0A4-12283B0CE700}.Release|Any CPU.Build.0 = Release|Any CPU
		{EE5299B8-3E26-43AF-A0A4-12283B0CE700}.Release|x64.ActiveCfg = Release|Any CPU
		{EE5299B8-3E26-43AF-A0A4-12283B0CE700}.Release|x64.Build.0 = Release|Any CPU
		{EE5299B8-3E26-43AF-A0A4-12283B0CE700}.Release|x86.ActiveCfg = Release|Any CPU
		{EE5299B8-3E26-43AF-A0A4-12283B0CE700}.Release|x86.Build.0 = Release|Any CPU
		{C99CC471-69A1-4786-861A-D5694E566046}.Debug|Any CPU.ActiveCfg = Debug|Any CPU
		{C99CC471-69A1-4786-861A-D5694E566046}.Debug|Any CPU.Build.0 = Debug|Any CPU
		{C99CC471-69A1-4786-861A-D5694E566046}.Debug|x64.ActiveCfg = Debug|Any CPU
		{C99CC471-69A1-4786-861A-D5694E566046}.Debug|x64.Build.0 = Debug|Any CPU
		{C99CC471-69A1-4786-861A-D5694E566046}.Debug|x86.ActiveCfg = Debug|Any CPU
		{C99CC471-69A1-4786-861A-D5694E566046}.Debug|x86.Build.0 = Debug|Any CPU
		{C99CC471-69A1-4786-861A-D5694E566046}.Release|Any CPU.ActiveCfg = Release|Any CPU
		{C99CC471-69A1-4786-861A-D5694E566046}.Release|Any CPU.Build.0 = Release|Any CPU
		{C99CC471-69A1-4786-861A-D5694E566046}.Release|x64.ActiveCfg = Release|Any CPU
		{C99CC471-69A1-4786-861A-D5694E566046}.Release|x64.Build.0 = Release|Any CPU
		{C99CC471-69A1-4786-861A-D5694E566046}.Release|x86.ActiveCfg = Release|Any CPU
		{C99CC471-69A1-4786-861A-D5694E566046}.Release|x86.Build.0 = Release|Any CPU
		{5291F054-1D6D-4815-BE22-2C6196C305EA}.Debug|Any CPU.ActiveCfg = Debug|Any CPU
		{5291F054-1D6D-4815-BE22-2C6196C305EA}.Debug|Any CPU.Build.0 = Debug|Any CPU
		{5291F054-1D6D-4815-BE22-2C6196C305EA}.Debug|x64.ActiveCfg = Debug|Any CPU
		{5291F054-1D6D-4815-BE22-2C6196C305EA}.Debug|x64.Build.0 = Debug|Any CPU
		{5291F054-1D6D-4815-BE22-2C6196C305EA}.Debug|x86.ActiveCfg = Debug|Any CPU
		{5291F054-1D6D-4815-BE22-2C6196C305EA}.Debug|x86.Build.0 = Debug|Any CPU
		{5291F054-1D6D-4815-BE22-2C6196C305EA}.Release|Any CPU.ActiveCfg = Release|Any CPU
		{5291F054-1D6D-4815-BE22-2C6196C305EA}.Release|Any CPU.Build.0 = Release|Any CPU
		{5291F054-1D6D-4815-BE22-2C6196C305EA}.Release|x64.ActiveCfg = Release|Any CPU
		{5291F054-1D6D-4815-BE22-2C6196C305EA}.Release|x64.Build.0 = Release|Any CPU
		{5291F054-1D6D-4815-BE22-2C6196C305EA}.Release|x86.ActiveCfg = Release|Any CPU
		{5291F054-1D6D-4815-BE22-2C6196C305EA}.Release|x86.Build.0 = Release|Any CPU
		{9557F53F-A6BA-44EE-BDCF-8E669DDE1F60}.Debug|Any CPU.ActiveCfg = Debug|Any CPU
		{9557F53F-A6BA-44EE-BDCF-8E669DDE1F60}.Debug|Any CPU.Build.0 = Debug|Any CPU
		{9557F53F-A6BA-44EE-BDCF-8E669DDE1F60}.Debug|x64.ActiveCfg = Debug|Any CPU
		{9557F53F-A6BA-44EE-BDCF-8E669DDE1F60}.Debug|x64.Build.0 = Debug|Any CPU
		{9557F53F-A6BA-44EE-BDCF-8E669DDE1F60}.Debug|x86.ActiveCfg = Debug|Any CPU
		{9557F53F-A6BA-44EE-BDCF-8E669DDE1F60}.Debug|x86.Build.0 = Debug|Any CPU
		{9557F53F-A6BA-44EE-BDCF-8E669DDE1F60}.Release|Any CPU.ActiveCfg = Release|Any CPU
		{9557F53F-A6BA-44EE-BDCF-8E669DDE1F60}.Release|Any CPU.Build.0 = Release|Any CPU
		{9557F53F-A6BA-44EE-BDCF-8E669DDE1F60}.Release|x64.ActiveCfg = Release|Any CPU
		{9557F53F-A6BA-44EE-BDCF-8E669DDE1F60}.Release|x64.Build.0 = Release|Any CPU
		{9557F53F-A6BA-44EE-BDCF-8E669DDE1F60}.Release|x86.ActiveCfg = Release|Any CPU
		{9557F53F-A6BA-44EE-BDCF-8E669DDE1F60}.Release|x86.Build.0 = Release|Any CPU
		{FCAF080A-6E51-4D12-8F11-FB383ECC0EC7}.Debug|Any CPU.ActiveCfg = Debug|Any CPU
		{FCAF080A-6E51-4D12-8F11-FB383ECC0EC7}.Debug|Any CPU.Build.0 = Debug|Any CPU
		{FCAF080A-6E51-4D12-8F11-FB383ECC0EC7}.Debug|x64.ActiveCfg = Debug|Any CPU
		{FCAF080A-6E51-4D12-8F11-FB383ECC0EC7}.Debug|x64.Build.0 = Debug|Any CPU
		{FCAF080A-6E51-4D12-8F11-FB383ECC0EC7}.Debug|x86.ActiveCfg = Debug|Any CPU
		{FCAF080A-6E51-4D12-8F11-FB383ECC0EC7}.Debug|x86.Build.0 = Debug|Any CPU
		{FCAF080A-6E51-4D12-8F11-FB383ECC0EC7}.Release|Any CPU.ActiveCfg = Release|Any CPU
		{FCAF080A-6E51-4D12-8F11-FB383ECC0EC7}.Release|Any CPU.Build.0 = Release|Any CPU
		{FCAF080A-6E51-4D12-8F11-FB383ECC0EC7}.Release|x64.ActiveCfg = Release|Any CPU
		{FCAF080A-6E51-4D12-8F11-FB383ECC0EC7}.Release|x64.Build.0 = Release|Any CPU
		{FCAF080A-6E51-4D12-8F11-FB383ECC0EC7}.Release|x86.ActiveCfg = Release|Any CPU
		{FCAF080A-6E51-4D12-8F11-FB383ECC0EC7}.Release|x86.Build.0 = Release|Any CPU
		{DB3B5233-056C-48CC-8B84-4FDAD899382D}.Debug|Any CPU.ActiveCfg = Debug|Any CPU
		{DB3B5233-056C-48CC-8B84-4FDAD899382D}.Debug|Any CPU.Build.0 = Debug|Any CPU
		{DB3B5233-056C-48CC-8B84-4FDAD899382D}.Debug|x64.ActiveCfg = Debug|Any CPU
		{DB3B5233-056C-48CC-8B84-4FDAD899382D}.Debug|x64.Build.0 = Debug|Any CPU
		{DB3B5233-056C-48CC-8B84-4FDAD899382D}.Debug|x86.ActiveCfg = Debug|Any CPU
		{DB3B5233-056C-48CC-8B84-4FDAD899382D}.Debug|x86.Build.0 = Debug|Any CPU
		{DB3B5233-056C-48CC-8B84-4FDAD899382D}.Release|Any CPU.ActiveCfg = Release|Any CPU
		{DB3B5233-056C-48CC-8B84-4FDAD899382D}.Release|Any CPU.Build.0 = Release|Any CPU
		{DB3B5233-056C-48CC-8B84-4FDAD899382D}.Release|x64.ActiveCfg = Release|Any CPU
		{DB3B5233-056C-48CC-8B84-4FDAD899382D}.Release|x64.Build.0 = Release|Any CPU
		{DB3B5233-056C-48CC-8B84-4FDAD899382D}.Release|x86.ActiveCfg = Release|Any CPU
		{DB3B5233-056C-48CC-8B84-4FDAD899382D}.Release|x86.Build.0 = Release|Any CPU
		{ECE602D9-FF97-4A8F-BCF5-8CA71131CF57}.Debug|Any CPU.ActiveCfg = Debug|Any CPU
		{ECE602D9-FF97-4A8F-BCF5-8CA71131CF57}.Debug|Any CPU.Build.0 = Debug|Any CPU
		{ECE602D9-FF97-4A8F-BCF5-8CA71131CF57}.Debug|x64.ActiveCfg = Debug|Any CPU
		{ECE602D9-FF97-4A8F-BCF5-8CA71131CF57}.Debug|x64.Build.0 = Debug|Any CPU
		{ECE602D9-FF97-4A8F-BCF5-8CA71131CF57}.Debug|x86.ActiveCfg = Debug|Any CPU
		{ECE602D9-FF97-4A8F-BCF5-8CA71131CF57}.Debug|x86.Build.0 = Debug|Any CPU
		{ECE602D9-FF97-4A8F-BCF5-8CA71131CF57}.Release|Any CPU.ActiveCfg = Release|Any CPU
		{ECE602D9-FF97-4A8F-BCF5-8CA71131CF57}.Release|Any CPU.Build.0 = Release|Any CPU
		{ECE602D9-FF97-4A8F-BCF5-8CA71131CF57}.Release|x64.ActiveCfg = Release|Any CPU
		{ECE602D9-FF97-4A8F-BCF5-8CA71131CF57}.Release|x64.Build.0 = Release|Any CPU
		{ECE602D9-FF97-4A8F-BCF5-8CA71131CF57}.Release|x86.ActiveCfg = Release|Any CPU
		{ECE602D9-FF97-4A8F-BCF5-8CA71131CF57}.Release|x86.Build.0 = Release|Any CPU
		{1F65F1A1-157A-4029-A55E-C75C264ABBB6}.Debug|Any CPU.ActiveCfg = Debug|Any CPU
		{1F65F1A1-157A-4029-A55E-C75C264ABBB6}.Debug|Any CPU.Build.0 = Debug|Any CPU
		{1F65F1A1-157A-4029-A55E-C75C264ABBB6}.Debug|x64.ActiveCfg = Debug|Any CPU
		{1F65F1A1-157A-4029-A55E-C75C264ABBB6}.Debug|x64.Build.0 = Debug|Any CPU
		{1F65F1A1-157A-4029-A55E-C75C264ABBB6}.Debug|x86.ActiveCfg = Debug|Any CPU
		{1F65F1A1-157A-4029-A55E-C75C264ABBB6}.Debug|x86.Build.0 = Debug|Any CPU
		{1F65F1A1-157A-4029-A55E-C75C264ABBB6}.Release|Any CPU.ActiveCfg = Release|Any CPU
		{1F65F1A1-157A-4029-A55E-C75C264ABBB6}.Release|Any CPU.Build.0 = Release|Any CPU
		{1F65F1A1-157A-4029-A55E-C75C264ABBB6}.Release|x64.ActiveCfg = Release|Any CPU
		{1F65F1A1-157A-4029-A55E-C75C264ABBB6}.Release|x64.Build.0 = Release|Any CPU
		{1F65F1A1-157A-4029-A55E-C75C264ABBB6}.Release|x86.ActiveCfg = Release|Any CPU
		{1F65F1A1-157A-4029-A55E-C75C264ABBB6}.Release|x86.Build.0 = Release|Any CPU
		{03C4C5D0-3313-4818-81A1-7A5B9CD69D22}.Debug|Any CPU.ActiveCfg = Debug|Any CPU
		{03C4C5D0-3313-4818-81A1-7A5B9CD69D22}.Debug|Any CPU.Build.0 = Debug|Any CPU
		{03C4C5D0-3313-4818-81A1-7A5B9CD69D22}.Debug|x64.ActiveCfg = Debug|Any CPU
		{03C4C5D0-3313-4818-81A1-7A5B9CD69D22}.Debug|x64.Build.0 = Debug|Any CPU
		{03C4C5D0-3313-4818-81A1-7A5B9CD69D22}.Debug|x86.ActiveCfg = Debug|Any CPU
		{03C4C5D0-3313-4818-81A1-7A5B9CD69D22}.Debug|x86.Build.0 = Debug|Any CPU
		{03C4C5D0-3313-4818-81A1-7A5B9CD69D22}.Release|Any CPU.ActiveCfg = Release|Any CPU
		{03C4C5D0-3313-4818-81A1-7A5B9CD69D22}.Release|Any CPU.Build.0 = Release|Any CPU
		{03C4C5D0-3313-4818-81A1-7A5B9CD69D22}.Release|x64.ActiveCfg = Release|Any CPU
		{03C4C5D0-3313-4818-81A1-7A5B9CD69D22}.Release|x64.Build.0 = Release|Any CPU
		{03C4C5D0-3313-4818-81A1-7A5B9CD69D22}.Release|x86.ActiveCfg = Release|Any CPU
		{03C4C5D0-3313-4818-81A1-7A5B9CD69D22}.Release|x86.Build.0 = Release|Any CPU
		{4CFD9275-3377-4F24-834A-1A2D876B0945}.Debug|Any CPU.ActiveCfg = Debug|Any CPU
		{4CFD9275-3377-4F24-834A-1A2D876B0945}.Debug|Any CPU.Build.0 = Debug|Any CPU
		{4CFD9275-3377-4F24-834A-1A2D876B0945}.Debug|x64.ActiveCfg = Debug|Any CPU
		{4CFD9275-3377-4F24-834A-1A2D876B0945}.Debug|x64.Build.0 = Debug|Any CPU
		{4CFD9275-3377-4F24-834A-1A2D876B0945}.Debug|x86.ActiveCfg = Debug|Any CPU
		{4CFD9275-3377-4F24-834A-1A2D876B0945}.Debug|x86.Build.0 = Debug|Any CPU
		{4CFD9275-3377-4F24-834A-1A2D876B0945}.Release|Any CPU.ActiveCfg = Release|Any CPU
		{4CFD9275-3377-4F24-834A-1A2D876B0945}.Release|Any CPU.Build.0 = Release|Any CPU
		{4CFD9275-3377-4F24-834A-1A2D876B0945}.Release|x64.ActiveCfg = Release|Any CPU
		{4CFD9275-3377-4F24-834A-1A2D876B0945}.Release|x64.Build.0 = Release|Any CPU
		{4CFD9275-3377-4F24-834A-1A2D876B0945}.Release|x86.ActiveCfg = Release|Any CPU
		{4CFD9275-3377-4F24-834A-1A2D876B0945}.Release|x86.Build.0 = Release|Any CPU
		{56684C0C-3FBE-4BDA-9966-C3237778C245}.Debug|Any CPU.ActiveCfg = Debug|Any CPU
		{56684C0C-3FBE-4BDA-9966-C3237778C245}.Debug|Any CPU.Build.0 = Debug|Any CPU
		{56684C0C-3FBE-4BDA-9966-C3237778C245}.Debug|x64.ActiveCfg = Debug|Any CPU
		{56684C0C-3FBE-4BDA-9966-C3237778C245}.Debug|x64.Build.0 = Debug|Any CPU
		{56684C0C-3FBE-4BDA-9966-C3237778C245}.Debug|x86.ActiveCfg = Debug|Any CPU
		{56684C0C-3FBE-4BDA-9966-C3237778C245}.Debug|x86.Build.0 = Debug|Any CPU
		{56684C0C-3FBE-4BDA-9966-C3237778C245}.Release|Any CPU.ActiveCfg = Release|Any CPU
		{56684C0C-3FBE-4BDA-9966-C3237778C245}.Release|Any CPU.Build.0 = Release|Any CPU
		{56684C0C-3FBE-4BDA-9966-C3237778C245}.Release|x64.ActiveCfg = Release|Any CPU
		{56684C0C-3FBE-4BDA-9966-C3237778C245}.Release|x64.Build.0 = Release|Any CPU
		{56684C0C-3FBE-4BDA-9966-C3237778C245}.Release|x86.ActiveCfg = Release|Any CPU
		{56684C0C-3FBE-4BDA-9966-C3237778C245}.Release|x86.Build.0 = Release|Any CPU
		{63EE4789-2854-4211-83BA-14EFC5614D89}.Debug|Any CPU.ActiveCfg = Debug|Any CPU
		{63EE4789-2854-4211-83BA-14EFC5614D89}.Debug|Any CPU.Build.0 = Debug|Any CPU
		{63EE4789-2854-4211-83BA-14EFC5614D89}.Debug|x64.ActiveCfg = Debug|Any CPU
		{63EE4789-2854-4211-83BA-14EFC5614D89}.Debug|x64.Build.0 = Debug|Any CPU
		{63EE4789-2854-4211-83BA-14EFC5614D89}.Debug|x86.ActiveCfg = Debug|Any CPU
		{63EE4789-2854-4211-83BA-14EFC5614D89}.Debug|x86.Build.0 = Debug|Any CPU
		{63EE4789-2854-4211-83BA-14EFC5614D89}.Release|Any CPU.ActiveCfg = Release|Any CPU
		{63EE4789-2854-4211-83BA-14EFC5614D89}.Release|Any CPU.Build.0 = Release|Any CPU
		{63EE4789-2854-4211-83BA-14EFC5614D89}.Release|x64.ActiveCfg = Release|Any CPU
		{63EE4789-2854-4211-83BA-14EFC5614D89}.Release|x64.Build.0 = Release|Any CPU
		{63EE4789-2854-4211-83BA-14EFC5614D89}.Release|x86.ActiveCfg = Release|Any CPU
		{63EE4789-2854-4211-83BA-14EFC5614D89}.Release|x86.Build.0 = Release|Any CPU
		{47C239FA-C480-42B7-A2BF-A17C51754C84}.Debug|Any CPU.ActiveCfg = Debug|Any CPU
		{47C239FA-C480-42B7-A2BF-A17C51754C84}.Debug|Any CPU.Build.0 = Debug|Any CPU
		{47C239FA-C480-42B7-A2BF-A17C51754C84}.Debug|x64.ActiveCfg = Debug|Any CPU
		{47C239FA-C480-42B7-A2BF-A17C51754C84}.Debug|x64.Build.0 = Debug|Any CPU
		{47C239FA-C480-42B7-A2BF-A17C51754C84}.Debug|x86.ActiveCfg = Debug|Any CPU
		{47C239FA-C480-42B7-A2BF-A17C51754C84}.Debug|x86.Build.0 = Debug|Any CPU
		{47C239FA-C480-42B7-A2BF-A17C51754C84}.Release|Any CPU.ActiveCfg = Release|Any CPU
		{47C239FA-C480-42B7-A2BF-A17C51754C84}.Release|Any CPU.Build.0 = Release|Any CPU
		{47C239FA-C480-42B7-A2BF-A17C51754C84}.Release|x64.ActiveCfg = Release|Any CPU
		{47C239FA-C480-42B7-A2BF-A17C51754C84}.Release|x64.Build.0 = Release|Any CPU
		{47C239FA-C480-42B7-A2BF-A17C51754C84}.Release|x86.ActiveCfg = Release|Any CPU
		{47C239FA-C480-42B7-A2BF-A17C51754C84}.Release|x86.Build.0 = Release|Any CPU
		{C53C46A7-67ED-4472-B89B-58432CF2819A}.Debug|Any CPU.ActiveCfg = Debug|Any CPU
		{C53C46A7-67ED-4472-B89B-58432CF2819A}.Debug|Any CPU.Build.0 = Debug|Any CPU
		{C53C46A7-67ED-4472-B89B-58432CF2819A}.Debug|x64.ActiveCfg = Debug|Any CPU
		{C53C46A7-67ED-4472-B89B-58432CF2819A}.Debug|x64.Build.0 = Debug|Any CPU
		{C53C46A7-67ED-4472-B89B-58432CF2819A}.Debug|x86.ActiveCfg = Debug|Any CPU
		{C53C46A7-67ED-4472-B89B-58432CF2819A}.Debug|x86.Build.0 = Debug|Any CPU
		{C53C46A7-67ED-4472-B89B-58432CF2819A}.Release|Any CPU.ActiveCfg = Release|Any CPU
		{C53C46A7-67ED-4472-B89B-58432CF2819A}.Release|Any CPU.Build.0 = Release|Any CPU
		{C53C46A7-67ED-4472-B89B-58432CF2819A}.Release|x64.ActiveCfg = Release|Any CPU
		{C53C46A7-67ED-4472-B89B-58432CF2819A}.Release|x64.Build.0 = Release|Any CPU
		{C53C46A7-67ED-4472-B89B-58432CF2819A}.Release|x86.ActiveCfg = Release|Any CPU
		{C53C46A7-67ED-4472-B89B-58432CF2819A}.Release|x86.Build.0 = Release|Any CPU
		{02D51036-ED5D-4BEC-9A7C-D8CA42676397}.Debug|Any CPU.ActiveCfg = Debug|Any CPU
		{02D51036-ED5D-4BEC-9A7C-D8CA42676397}.Debug|Any CPU.Build.0 = Debug|Any CPU
		{02D51036-ED5D-4BEC-9A7C-D8CA42676397}.Debug|x64.ActiveCfg = Debug|Any CPU
		{02D51036-ED5D-4BEC-9A7C-D8CA42676397}.Debug|x64.Build.0 = Debug|Any CPU
		{02D51036-ED5D-4BEC-9A7C-D8CA42676397}.Debug|x86.ActiveCfg = Debug|Any CPU
		{02D51036-ED5D-4BEC-9A7C-D8CA42676397}.Debug|x86.Build.0 = Debug|Any CPU
		{02D51036-ED5D-4BEC-9A7C-D8CA42676397}.Release|Any CPU.ActiveCfg = Release|Any CPU
		{02D51036-ED5D-4BEC-9A7C-D8CA42676397}.Release|Any CPU.Build.0 = Release|Any CPU
		{02D51036-ED5D-4BEC-9A7C-D8CA42676397}.Release|x64.ActiveCfg = Release|Any CPU
		{02D51036-ED5D-4BEC-9A7C-D8CA42676397}.Release|x64.Build.0 = Release|Any CPU
		{02D51036-ED5D-4BEC-9A7C-D8CA42676397}.Release|x86.ActiveCfg = Release|Any CPU
		{02D51036-ED5D-4BEC-9A7C-D8CA42676397}.Release|x86.Build.0 = Release|Any CPU
		{475824A6-A93A-41D2-8ABC-7943AC635306}.Debug|Any CPU.ActiveCfg = Debug|Any CPU
		{475824A6-A93A-41D2-8ABC-7943AC635306}.Debug|Any CPU.Build.0 = Debug|Any CPU
		{475824A6-A93A-41D2-8ABC-7943AC635306}.Debug|x64.ActiveCfg = Debug|Any CPU
		{475824A6-A93A-41D2-8ABC-7943AC635306}.Debug|x64.Build.0 = Debug|Any CPU
		{475824A6-A93A-41D2-8ABC-7943AC635306}.Debug|x86.ActiveCfg = Debug|Any CPU
		{475824A6-A93A-41D2-8ABC-7943AC635306}.Debug|x86.Build.0 = Debug|Any CPU
		{475824A6-A93A-41D2-8ABC-7943AC635306}.Release|Any CPU.ActiveCfg = Release|Any CPU
		{475824A6-A93A-41D2-8ABC-7943AC635306}.Release|Any CPU.Build.0 = Release|Any CPU
		{475824A6-A93A-41D2-8ABC-7943AC635306}.Release|x64.ActiveCfg = Release|Any CPU
		{475824A6-A93A-41D2-8ABC-7943AC635306}.Release|x64.Build.0 = Release|Any CPU
		{475824A6-A93A-41D2-8ABC-7943AC635306}.Release|x86.ActiveCfg = Release|Any CPU
		{475824A6-A93A-41D2-8ABC-7943AC635306}.Release|x86.Build.0 = Release|Any CPU
		{583FD029-1780-4B45-96A9-765B48C8F733}.Debug|Any CPU.ActiveCfg = Debug|Any CPU
		{583FD029-1780-4B45-96A9-765B48C8F733}.Debug|Any CPU.Build.0 = Debug|Any CPU
		{583FD029-1780-4B45-96A9-765B48C8F733}.Debug|x64.ActiveCfg = Debug|Any CPU
		{583FD029-1780-4B45-96A9-765B48C8F733}.Debug|x64.Build.0 = Debug|Any CPU
		{583FD029-1780-4B45-96A9-765B48C8F733}.Debug|x86.ActiveCfg = Debug|Any CPU
		{583FD029-1780-4B45-96A9-765B48C8F733}.Debug|x86.Build.0 = Debug|Any CPU
		{583FD029-1780-4B45-96A9-765B48C8F733}.Release|Any CPU.ActiveCfg = Release|Any CPU
		{583FD029-1780-4B45-96A9-765B48C8F733}.Release|Any CPU.Build.0 = Release|Any CPU
		{583FD029-1780-4B45-96A9-765B48C8F733}.Release|x64.ActiveCfg = Release|Any CPU
		{583FD029-1780-4B45-96A9-765B48C8F733}.Release|x64.Build.0 = Release|Any CPU
		{583FD029-1780-4B45-96A9-765B48C8F733}.Release|x86.ActiveCfg = Release|Any CPU
		{583FD029-1780-4B45-96A9-765B48C8F733}.Release|x86.Build.0 = Release|Any CPU
		{71C85C0A-8A1C-4179-9540-A1770D1C3A01}.Debug|Any CPU.ActiveCfg = Debug|Any CPU
		{71C85C0A-8A1C-4179-9540-A1770D1C3A01}.Debug|Any CPU.Build.0 = Debug|Any CPU
		{71C85C0A-8A1C-4179-9540-A1770D1C3A01}.Debug|x64.ActiveCfg = Debug|Any CPU
		{71C85C0A-8A1C-4179-9540-A1770D1C3A01}.Debug|x64.Build.0 = Debug|Any CPU
		{71C85C0A-8A1C-4179-9540-A1770D1C3A01}.Debug|x86.ActiveCfg = Debug|Any CPU
		{71C85C0A-8A1C-4179-9540-A1770D1C3A01}.Debug|x86.Build.0 = Debug|Any CPU
		{71C85C0A-8A1C-4179-9540-A1770D1C3A01}.Release|Any CPU.ActiveCfg = Release|Any CPU
		{71C85C0A-8A1C-4179-9540-A1770D1C3A01}.Release|Any CPU.Build.0 = Release|Any CPU
		{71C85C0A-8A1C-4179-9540-A1770D1C3A01}.Release|x64.ActiveCfg = Release|Any CPU
		{71C85C0A-8A1C-4179-9540-A1770D1C3A01}.Release|x64.Build.0 = Release|Any CPU
		{71C85C0A-8A1C-4179-9540-A1770D1C3A01}.Release|x86.ActiveCfg = Release|Any CPU
		{71C85C0A-8A1C-4179-9540-A1770D1C3A01}.Release|x86.Build.0 = Release|Any CPU
		{619E0245-0CD4-4925-8C64-E09589CC5048}.Debug|Any CPU.ActiveCfg = Debug|Any CPU
		{619E0245-0CD4-4925-8C64-E09589CC5048}.Debug|Any CPU.Build.0 = Debug|Any CPU
		{619E0245-0CD4-4925-8C64-E09589CC5048}.Debug|x64.ActiveCfg = Debug|Any CPU
		{619E0245-0CD4-4925-8C64-E09589CC5048}.Debug|x64.Build.0 = Debug|Any CPU
		{619E0245-0CD4-4925-8C64-E09589CC5048}.Debug|x86.ActiveCfg = Debug|Any CPU
		{619E0245-0CD4-4925-8C64-E09589CC5048}.Debug|x86.Build.0 = Debug|Any CPU
		{619E0245-0CD4-4925-8C64-E09589CC5048}.Release|Any CPU.ActiveCfg = Release|Any CPU
		{619E0245-0CD4-4925-8C64-E09589CC5048}.Release|Any CPU.Build.0 = Release|Any CPU
		{619E0245-0CD4-4925-8C64-E09589CC5048}.Release|x64.ActiveCfg = Release|Any CPU
		{619E0245-0CD4-4925-8C64-E09589CC5048}.Release|x64.Build.0 = Release|Any CPU
		{619E0245-0CD4-4925-8C64-E09589CC5048}.Release|x86.ActiveCfg = Release|Any CPU
		{619E0245-0CD4-4925-8C64-E09589CC5048}.Release|x86.Build.0 = Release|Any CPU
		{CA1B7F47-1FA6-440C-A853-7BB838C0C4F7}.Debug|Any CPU.ActiveCfg = Debug|Any CPU
		{CA1B7F47-1FA6-440C-A853-7BB838C0C4F7}.Debug|Any CPU.Build.0 = Debug|Any CPU
		{CA1B7F47-1FA6-440C-A853-7BB838C0C4F7}.Debug|x64.ActiveCfg = Debug|Any CPU
		{CA1B7F47-1FA6-440C-A853-7BB838C0C4F7}.Debug|x64.Build.0 = Debug|Any CPU
		{CA1B7F47-1FA6-440C-A853-7BB838C0C4F7}.Debug|x86.ActiveCfg = Debug|Any CPU
		{CA1B7F47-1FA6-440C-A853-7BB838C0C4F7}.Debug|x86.Build.0 = Debug|Any CPU
		{CA1B7F47-1FA6-440C-A853-7BB838C0C4F7}.Release|Any CPU.ActiveCfg = Release|Any CPU
		{CA1B7F47-1FA6-440C-A853-7BB838C0C4F7}.Release|Any CPU.Build.0 = Release|Any CPU
		{CA1B7F47-1FA6-440C-A853-7BB838C0C4F7}.Release|x64.ActiveCfg = Release|Any CPU
		{CA1B7F47-1FA6-440C-A853-7BB838C0C4F7}.Release|x64.Build.0 = Release|Any CPU
		{CA1B7F47-1FA6-440C-A853-7BB838C0C4F7}.Release|x86.ActiveCfg = Release|Any CPU
		{CA1B7F47-1FA6-440C-A853-7BB838C0C4F7}.Release|x86.Build.0 = Release|Any CPU
		{53BFDDC0-66F7-473C-94A3-DAC41B240B10}.Debug|Any CPU.ActiveCfg = Debug|Any CPU
		{53BFDDC0-66F7-473C-94A3-DAC41B240B10}.Debug|Any CPU.Build.0 = Debug|Any CPU
		{53BFDDC0-66F7-473C-94A3-DAC41B240B10}.Debug|x64.ActiveCfg = Debug|Any CPU
		{53BFDDC0-66F7-473C-94A3-DAC41B240B10}.Debug|x64.Build.0 = Debug|Any CPU
		{53BFDDC0-66F7-473C-94A3-DAC41B240B10}.Debug|x86.ActiveCfg = Debug|Any CPU
		{53BFDDC0-66F7-473C-94A3-DAC41B240B10}.Debug|x86.Build.0 = Debug|Any CPU
		{53BFDDC0-66F7-473C-94A3-DAC41B240B10}.Release|Any CPU.ActiveCfg = Release|Any CPU
		{53BFDDC0-66F7-473C-94A3-DAC41B240B10}.Release|Any CPU.Build.0 = Release|Any CPU
		{53BFDDC0-66F7-473C-94A3-DAC41B240B10}.Release|x64.ActiveCfg = Release|Any CPU
		{53BFDDC0-66F7-473C-94A3-DAC41B240B10}.Release|x64.Build.0 = Release|Any CPU
		{53BFDDC0-66F7-473C-94A3-DAC41B240B10}.Release|x86.ActiveCfg = Release|Any CPU
		{53BFDDC0-66F7-473C-94A3-DAC41B240B10}.Release|x86.Build.0 = Release|Any CPU
		{BB42CA96-8D45-44A6-94F4-64C405C511DF}.Debug|Any CPU.ActiveCfg = Debug|Any CPU
		{BB42CA96-8D45-44A6-94F4-64C405C511DF}.Debug|Any CPU.Build.0 = Debug|Any CPU
		{BB42CA96-8D45-44A6-94F4-64C405C511DF}.Debug|x64.ActiveCfg = Debug|Any CPU
		{BB42CA96-8D45-44A6-94F4-64C405C511DF}.Debug|x64.Build.0 = Debug|Any CPU
		{BB42CA96-8D45-44A6-94F4-64C405C511DF}.Debug|x86.ActiveCfg = Debug|Any CPU
		{BB42CA96-8D45-44A6-94F4-64C405C511DF}.Debug|x86.Build.0 = Debug|Any CPU
		{BB42CA96-8D45-44A6-94F4-64C405C511DF}.Release|Any CPU.ActiveCfg = Release|Any CPU
		{BB42CA96-8D45-44A6-94F4-64C405C511DF}.Release|Any CPU.Build.0 = Release|Any CPU
		{BB42CA96-8D45-44A6-94F4-64C405C511DF}.Release|x64.ActiveCfg = Release|Any CPU
		{BB42CA96-8D45-44A6-94F4-64C405C511DF}.Release|x64.Build.0 = Release|Any CPU
		{BB42CA96-8D45-44A6-94F4-64C405C511DF}.Release|x86.ActiveCfg = Release|Any CPU
		{BB42CA96-8D45-44A6-94F4-64C405C511DF}.Release|x86.Build.0 = Release|Any CPU
		{2805F2C2-5781-4513-97CB-1F1C208BC293}.Debug|Any CPU.ActiveCfg = Debug|Any CPU
		{2805F2C2-5781-4513-97CB-1F1C208BC293}.Debug|Any CPU.Build.0 = Debug|Any CPU
		{2805F2C2-5781-4513-97CB-1F1C208BC293}.Debug|x64.ActiveCfg = Debug|Any CPU
		{2805F2C2-5781-4513-97CB-1F1C208BC293}.Debug|x64.Build.0 = Debug|Any CPU
		{2805F2C2-5781-4513-97CB-1F1C208BC293}.Debug|x86.ActiveCfg = Debug|Any CPU
		{2805F2C2-5781-4513-97CB-1F1C208BC293}.Debug|x86.Build.0 = Debug|Any CPU
		{2805F2C2-5781-4513-97CB-1F1C208BC293}.Release|Any CPU.ActiveCfg = Release|Any CPU
		{2805F2C2-5781-4513-97CB-1F1C208BC293}.Release|Any CPU.Build.0 = Release|Any CPU
		{2805F2C2-5781-4513-97CB-1F1C208BC293}.Release|x64.ActiveCfg = Release|Any CPU
		{2805F2C2-5781-4513-97CB-1F1C208BC293}.Release|x64.Build.0 = Release|Any CPU
		{2805F2C2-5781-4513-97CB-1F1C208BC293}.Release|x86.ActiveCfg = Release|Any CPU
		{2805F2C2-5781-4513-97CB-1F1C208BC293}.Release|x86.Build.0 = Release|Any CPU
		{FFC773DD-7F06-497D-9553-FFD93E26FB73}.Debug|Any CPU.ActiveCfg = Debug|Any CPU
		{FFC773DD-7F06-497D-9553-FFD93E26FB73}.Debug|Any CPU.Build.0 = Debug|Any CPU
		{FFC773DD-7F06-497D-9553-FFD93E26FB73}.Debug|x64.ActiveCfg = Debug|Any CPU
		{FFC773DD-7F06-497D-9553-FFD93E26FB73}.Debug|x64.Build.0 = Debug|Any CPU
		{FFC773DD-7F06-497D-9553-FFD93E26FB73}.Debug|x86.ActiveCfg = Debug|Any CPU
		{FFC773DD-7F06-497D-9553-FFD93E26FB73}.Debug|x86.Build.0 = Debug|Any CPU
		{FFC773DD-7F06-497D-9553-FFD93E26FB73}.Release|Any CPU.ActiveCfg = Release|Any CPU
		{FFC773DD-7F06-497D-9553-FFD93E26FB73}.Release|Any CPU.Build.0 = Release|Any CPU
		{FFC773DD-7F06-497D-9553-FFD93E26FB73}.Release|x64.ActiveCfg = Release|Any CPU
		{FFC773DD-7F06-497D-9553-FFD93E26FB73}.Release|x64.Build.0 = Release|Any CPU
		{FFC773DD-7F06-497D-9553-FFD93E26FB73}.Release|x86.ActiveCfg = Release|Any CPU
		{FFC773DD-7F06-497D-9553-FFD93E26FB73}.Release|x86.Build.0 = Release|Any CPU
		{BF8987F5-2DD1-43E0-BBF9-2B5FD2FB422D}.Debug|Any CPU.ActiveCfg = Debug|Any CPU
		{BF8987F5-2DD1-43E0-BBF9-2B5FD2FB422D}.Debug|Any CPU.Build.0 = Debug|Any CPU
		{BF8987F5-2DD1-43E0-BBF9-2B5FD2FB422D}.Debug|x64.ActiveCfg = Debug|Any CPU
		{BF8987F5-2DD1-43E0-BBF9-2B5FD2FB422D}.Debug|x64.Build.0 = Debug|Any CPU
		{BF8987F5-2DD1-43E0-BBF9-2B5FD2FB422D}.Debug|x86.ActiveCfg = Debug|Any CPU
		{BF8987F5-2DD1-43E0-BBF9-2B5FD2FB422D}.Debug|x86.Build.0 = Debug|Any CPU
		{BF8987F5-2DD1-43E0-BBF9-2B5FD2FB422D}.Release|Any CPU.ActiveCfg = Release|Any CPU
		{BF8987F5-2DD1-43E0-BBF9-2B5FD2FB422D}.Release|Any CPU.Build.0 = Release|Any CPU
		{BF8987F5-2DD1-43E0-BBF9-2B5FD2FB422D}.Release|x64.ActiveCfg = Release|Any CPU
		{BF8987F5-2DD1-43E0-BBF9-2B5FD2FB422D}.Release|x64.Build.0 = Release|Any CPU
		{BF8987F5-2DD1-43E0-BBF9-2B5FD2FB422D}.Release|x86.ActiveCfg = Release|Any CPU
		{BF8987F5-2DD1-43E0-BBF9-2B5FD2FB422D}.Release|x86.Build.0 = Release|Any CPU
		{FF05DBF4-9D8A-498E-81D1-5E7B1F93CFB6}.Debug|Any CPU.ActiveCfg = Debug|Any CPU
		{FF05DBF4-9D8A-498E-81D1-5E7B1F93CFB6}.Debug|Any CPU.Build.0 = Debug|Any CPU
		{FF05DBF4-9D8A-498E-81D1-5E7B1F93CFB6}.Debug|x64.ActiveCfg = Debug|Any CPU
		{FF05DBF4-9D8A-498E-81D1-5E7B1F93CFB6}.Debug|x64.Build.0 = Debug|Any CPU
		{FF05DBF4-9D8A-498E-81D1-5E7B1F93CFB6}.Debug|x86.ActiveCfg = Debug|Any CPU
		{FF05DBF4-9D8A-498E-81D1-5E7B1F93CFB6}.Debug|x86.Build.0 = Debug|Any CPU
		{FF05DBF4-9D8A-498E-81D1-5E7B1F93CFB6}.Release|Any CPU.ActiveCfg = Release|Any CPU
		{FF05DBF4-9D8A-498E-81D1-5E7B1F93CFB6}.Release|Any CPU.Build.0 = Release|Any CPU
		{FF05DBF4-9D8A-498E-81D1-5E7B1F93CFB6}.Release|x64.ActiveCfg = Release|Any CPU
		{FF05DBF4-9D8A-498E-81D1-5E7B1F93CFB6}.Release|x64.Build.0 = Release|Any CPU
		{FF05DBF4-9D8A-498E-81D1-5E7B1F93CFB6}.Release|x86.ActiveCfg = Release|Any CPU
		{FF05DBF4-9D8A-498E-81D1-5E7B1F93CFB6}.Release|x86.Build.0 = Release|Any CPU
		{8C231D12-CD60-457B-9B67-FD6C72D45767}.Debug|Any CPU.ActiveCfg = Debug|Any CPU
		{8C231D12-CD60-457B-9B67-FD6C72D45767}.Debug|Any CPU.Build.0 = Debug|Any CPU
		{8C231D12-CD60-457B-9B67-FD6C72D45767}.Debug|x64.ActiveCfg = Debug|Any CPU
		{8C231D12-CD60-457B-9B67-FD6C72D45767}.Debug|x64.Build.0 = Debug|Any CPU
		{8C231D12-CD60-457B-9B67-FD6C72D45767}.Debug|x86.ActiveCfg = Debug|Any CPU
		{8C231D12-CD60-457B-9B67-FD6C72D45767}.Debug|x86.Build.0 = Debug|Any CPU
		{8C231D12-CD60-457B-9B67-FD6C72D45767}.Release|Any CPU.ActiveCfg = Release|Any CPU
		{8C231D12-CD60-457B-9B67-FD6C72D45767}.Release|Any CPU.Build.0 = Release|Any CPU
		{8C231D12-CD60-457B-9B67-FD6C72D45767}.Release|x64.ActiveCfg = Release|Any CPU
		{8C231D12-CD60-457B-9B67-FD6C72D45767}.Release|x64.Build.0 = Release|Any CPU
		{8C231D12-CD60-457B-9B67-FD6C72D45767}.Release|x86.ActiveCfg = Release|Any CPU
		{8C231D12-CD60-457B-9B67-FD6C72D45767}.Release|x86.Build.0 = Release|Any CPU
		{FA5BB822-791B-401E-B308-D9662C10DF1A}.Debug|Any CPU.ActiveCfg = Debug|Any CPU
		{FA5BB822-791B-401E-B308-D9662C10DF1A}.Debug|Any CPU.Build.0 = Debug|Any CPU
		{FA5BB822-791B-401E-B308-D9662C10DF1A}.Debug|x64.ActiveCfg = Debug|Any CPU
		{FA5BB822-791B-401E-B308-D9662C10DF1A}.Debug|x64.Build.0 = Debug|Any CPU
		{FA5BB822-791B-401E-B308-D9662C10DF1A}.Debug|x86.ActiveCfg = Debug|Any CPU
		{FA5BB822-791B-401E-B308-D9662C10DF1A}.Debug|x86.Build.0 = Debug|Any CPU
		{FA5BB822-791B-401E-B308-D9662C10DF1A}.Release|Any CPU.ActiveCfg = Release|Any CPU
		{FA5BB822-791B-401E-B308-D9662C10DF1A}.Release|Any CPU.Build.0 = Release|Any CPU
		{FA5BB822-791B-401E-B308-D9662C10DF1A}.Release|x64.ActiveCfg = Release|Any CPU
		{FA5BB822-791B-401E-B308-D9662C10DF1A}.Release|x64.Build.0 = Release|Any CPU
		{FA5BB822-791B-401E-B308-D9662C10DF1A}.Release|x86.ActiveCfg = Release|Any CPU
		{FA5BB822-791B-401E-B308-D9662C10DF1A}.Release|x86.Build.0 = Release|Any CPU
		{33918893-EEBF-40A4-9FCD-8B8603D1FD4E}.Debug|Any CPU.ActiveCfg = Debug|Any CPU
		{33918893-EEBF-40A4-9FCD-8B8603D1FD4E}.Debug|Any CPU.Build.0 = Debug|Any CPU
		{33918893-EEBF-40A4-9FCD-8B8603D1FD4E}.Debug|x64.ActiveCfg = Debug|Any CPU
		{33918893-EEBF-40A4-9FCD-8B8603D1FD4E}.Debug|x64.Build.0 = Debug|Any CPU
		{33918893-EEBF-40A4-9FCD-8B8603D1FD4E}.Debug|x86.ActiveCfg = Debug|Any CPU
		{33918893-EEBF-40A4-9FCD-8B8603D1FD4E}.Debug|x86.Build.0 = Debug|Any CPU
		{33918893-EEBF-40A4-9FCD-8B8603D1FD4E}.Release|Any CPU.ActiveCfg = Release|Any CPU
		{33918893-EEBF-40A4-9FCD-8B8603D1FD4E}.Release|Any CPU.Build.0 = Release|Any CPU
		{33918893-EEBF-40A4-9FCD-8B8603D1FD4E}.Release|x64.ActiveCfg = Release|Any CPU
		{33918893-EEBF-40A4-9FCD-8B8603D1FD4E}.Release|x64.Build.0 = Release|Any CPU
		{33918893-EEBF-40A4-9FCD-8B8603D1FD4E}.Release|x86.ActiveCfg = Release|Any CPU
		{33918893-EEBF-40A4-9FCD-8B8603D1FD4E}.Release|x86.Build.0 = Release|Any CPU
		{B63F6AD4-9BDD-4412-9FD5-C1827A2F63DD}.Debug|Any CPU.ActiveCfg = Debug|Any CPU
		{B63F6AD4-9BDD-4412-9FD5-C1827A2F63DD}.Debug|Any CPU.Build.0 = Debug|Any CPU
		{B63F6AD4-9BDD-4412-9FD5-C1827A2F63DD}.Debug|x64.ActiveCfg = Debug|Any CPU
		{B63F6AD4-9BDD-4412-9FD5-C1827A2F63DD}.Debug|x64.Build.0 = Debug|Any CPU
		{B63F6AD4-9BDD-4412-9FD5-C1827A2F63DD}.Debug|x86.ActiveCfg = Debug|Any CPU
		{B63F6AD4-9BDD-4412-9FD5-C1827A2F63DD}.Debug|x86.Build.0 = Debug|Any CPU
		{B63F6AD4-9BDD-4412-9FD5-C1827A2F63DD}.Release|Any CPU.ActiveCfg = Release|Any CPU
		{B63F6AD4-9BDD-4412-9FD5-C1827A2F63DD}.Release|Any CPU.Build.0 = Release|Any CPU
		{B63F6AD4-9BDD-4412-9FD5-C1827A2F63DD}.Release|x64.ActiveCfg = Release|Any CPU
		{B63F6AD4-9BDD-4412-9FD5-C1827A2F63DD}.Release|x64.Build.0 = Release|Any CPU
		{B63F6AD4-9BDD-4412-9FD5-C1827A2F63DD}.Release|x86.ActiveCfg = Release|Any CPU
		{B63F6AD4-9BDD-4412-9FD5-C1827A2F63DD}.Release|x86.Build.0 = Release|Any CPU
		{9D1CAB44-1DCA-4903-94A5-84666754EEDD}.Debug|Any CPU.ActiveCfg = Debug|Any CPU
		{9D1CAB44-1DCA-4903-94A5-84666754EEDD}.Debug|Any CPU.Build.0 = Debug|Any CPU
		{9D1CAB44-1DCA-4903-94A5-84666754EEDD}.Debug|x64.ActiveCfg = Debug|Any CPU
		{9D1CAB44-1DCA-4903-94A5-84666754EEDD}.Debug|x64.Build.0 = Debug|Any CPU
		{9D1CAB44-1DCA-4903-94A5-84666754EEDD}.Debug|x86.ActiveCfg = Debug|Any CPU
		{9D1CAB44-1DCA-4903-94A5-84666754EEDD}.Debug|x86.Build.0 = Debug|Any CPU
		{9D1CAB44-1DCA-4903-94A5-84666754EEDD}.Release|Any CPU.ActiveCfg = Release|Any CPU
		{9D1CAB44-1DCA-4903-94A5-84666754EEDD}.Release|Any CPU.Build.0 = Release|Any CPU
		{9D1CAB44-1DCA-4903-94A5-84666754EEDD}.Release|x64.ActiveCfg = Release|Any CPU
		{9D1CAB44-1DCA-4903-94A5-84666754EEDD}.Release|x64.Build.0 = Release|Any CPU
		{9D1CAB44-1DCA-4903-94A5-84666754EEDD}.Release|x86.ActiveCfg = Release|Any CPU
		{9D1CAB44-1DCA-4903-94A5-84666754EEDD}.Release|x86.Build.0 = Release|Any CPU
		{BC8F4775-EECE-402D-9704-3B89B3098242}.Debug|Any CPU.ActiveCfg = Debug|Any CPU
		{BC8F4775-EECE-402D-9704-3B89B3098242}.Debug|Any CPU.Build.0 = Debug|Any CPU
		{BC8F4775-EECE-402D-9704-3B89B3098242}.Debug|x64.ActiveCfg = Debug|Any CPU
		{BC8F4775-EECE-402D-9704-3B89B3098242}.Debug|x64.Build.0 = Debug|Any CPU
		{BC8F4775-EECE-402D-9704-3B89B3098242}.Debug|x86.ActiveCfg = Debug|Any CPU
		{BC8F4775-EECE-402D-9704-3B89B3098242}.Debug|x86.Build.0 = Debug|Any CPU
		{BC8F4775-EECE-402D-9704-3B89B3098242}.Release|Any CPU.ActiveCfg = Release|Any CPU
		{BC8F4775-EECE-402D-9704-3B89B3098242}.Release|Any CPU.Build.0 = Release|Any CPU
		{BC8F4775-EECE-402D-9704-3B89B3098242}.Release|x64.ActiveCfg = Release|Any CPU
		{BC8F4775-EECE-402D-9704-3B89B3098242}.Release|x64.Build.0 = Release|Any CPU
		{BC8F4775-EECE-402D-9704-3B89B3098242}.Release|x86.ActiveCfg = Release|Any CPU
		{BC8F4775-EECE-402D-9704-3B89B3098242}.Release|x86.Build.0 = Release|Any CPU
		{CA9F5993-E50C-4F76-9670-E024176371F3}.Debug|Any CPU.ActiveCfg = Debug|Any CPU
		{CA9F5993-E50C-4F76-9670-E024176371F3}.Debug|Any CPU.Build.0 = Debug|Any CPU
		{CA9F5993-E50C-4F76-9670-E024176371F3}.Debug|x64.ActiveCfg = Debug|Any CPU
		{CA9F5993-E50C-4F76-9670-E024176371F3}.Debug|x64.Build.0 = Debug|Any CPU
		{CA9F5993-E50C-4F76-9670-E024176371F3}.Debug|x86.ActiveCfg = Debug|Any CPU
		{CA9F5993-E50C-4F76-9670-E024176371F3}.Debug|x86.Build.0 = Debug|Any CPU
		{CA9F5993-E50C-4F76-9670-E024176371F3}.Release|Any CPU.ActiveCfg = Release|Any CPU
		{CA9F5993-E50C-4F76-9670-E024176371F3}.Release|Any CPU.Build.0 = Release|Any CPU
		{CA9F5993-E50C-4F76-9670-E024176371F3}.Release|x64.ActiveCfg = Release|Any CPU
		{CA9F5993-E50C-4F76-9670-E024176371F3}.Release|x64.Build.0 = Release|Any CPU
		{CA9F5993-E50C-4F76-9670-E024176371F3}.Release|x86.ActiveCfg = Release|Any CPU
		{CA9F5993-E50C-4F76-9670-E024176371F3}.Release|x86.Build.0 = Release|Any CPU
		{7203E921-AF00-455E-B414-3BF836879A7C}.Debug|Any CPU.ActiveCfg = Debug|Any CPU
		{7203E921-AF00-455E-B414-3BF836879A7C}.Debug|Any CPU.Build.0 = Debug|Any CPU
		{7203E921-AF00-455E-B414-3BF836879A7C}.Debug|x64.ActiveCfg = Debug|Any CPU
		{7203E921-AF00-455E-B414-3BF836879A7C}.Debug|x64.Build.0 = Debug|Any CPU
		{7203E921-AF00-455E-B414-3BF836879A7C}.Debug|x86.ActiveCfg = Debug|Any CPU
		{7203E921-AF00-455E-B414-3BF836879A7C}.Debug|x86.Build.0 = Debug|Any CPU
		{7203E921-AF00-455E-B414-3BF836879A7C}.Release|Any CPU.ActiveCfg = Release|Any CPU
		{7203E921-AF00-455E-B414-3BF836879A7C}.Release|Any CPU.Build.0 = Release|Any CPU
		{7203E921-AF00-455E-B414-3BF836879A7C}.Release|x64.ActiveCfg = Release|Any CPU
		{7203E921-AF00-455E-B414-3BF836879A7C}.Release|x64.Build.0 = Release|Any CPU
		{7203E921-AF00-455E-B414-3BF836879A7C}.Release|x86.ActiveCfg = Release|Any CPU
		{7203E921-AF00-455E-B414-3BF836879A7C}.Release|x86.Build.0 = Release|Any CPU
		{7017568C-8749-4742-8DEB-484AB9577E23}.Debug|Any CPU.ActiveCfg = Debug|Any CPU
		{7017568C-8749-4742-8DEB-484AB9577E23}.Debug|Any CPU.Build.0 = Debug|Any CPU
		{7017568C-8749-4742-8DEB-484AB9577E23}.Debug|x64.ActiveCfg = Debug|Any CPU
		{7017568C-8749-4742-8DEB-484AB9577E23}.Debug|x64.Build.0 = Debug|Any CPU
		{7017568C-8749-4742-8DEB-484AB9577E23}.Debug|x86.ActiveCfg = Debug|Any CPU
		{7017568C-8749-4742-8DEB-484AB9577E23}.Debug|x86.Build.0 = Debug|Any CPU
		{7017568C-8749-4742-8DEB-484AB9577E23}.Release|Any CPU.ActiveCfg = Release|Any CPU
		{7017568C-8749-4742-8DEB-484AB9577E23}.Release|Any CPU.Build.0 = Release|Any CPU
		{7017568C-8749-4742-8DEB-484AB9577E23}.Release|x64.ActiveCfg = Release|Any CPU
		{7017568C-8749-4742-8DEB-484AB9577E23}.Release|x64.Build.0 = Release|Any CPU
		{7017568C-8749-4742-8DEB-484AB9577E23}.Release|x86.ActiveCfg = Release|Any CPU
		{7017568C-8749-4742-8DEB-484AB9577E23}.Release|x86.Build.0 = Release|Any CPU
		{95C9ADE3-DEA6-473B-94E4-D0D1534CB0FC}.Debug|Any CPU.ActiveCfg = Debug|Any CPU
		{95C9ADE3-DEA6-473B-94E4-D0D1534CB0FC}.Debug|Any CPU.Build.0 = Debug|Any CPU
		{95C9ADE3-DEA6-473B-94E4-D0D1534CB0FC}.Debug|x64.ActiveCfg = Debug|Any CPU
		{95C9ADE3-DEA6-473B-94E4-D0D1534CB0FC}.Debug|x64.Build.0 = Debug|Any CPU
		{95C9ADE3-DEA6-473B-94E4-D0D1534CB0FC}.Debug|x86.ActiveCfg = Debug|Any CPU
		{95C9ADE3-DEA6-473B-94E4-D0D1534CB0FC}.Debug|x86.Build.0 = Debug|Any CPU
		{95C9ADE3-DEA6-473B-94E4-D0D1534CB0FC}.Release|Any CPU.ActiveCfg = Release|Any CPU
		{95C9ADE3-DEA6-473B-94E4-D0D1534CB0FC}.Release|Any CPU.Build.0 = Release|Any CPU
		{95C9ADE3-DEA6-473B-94E4-D0D1534CB0FC}.Release|x64.ActiveCfg = Release|Any CPU
		{95C9ADE3-DEA6-473B-94E4-D0D1534CB0FC}.Release|x64.Build.0 = Release|Any CPU
		{95C9ADE3-DEA6-473B-94E4-D0D1534CB0FC}.Release|x86.ActiveCfg = Release|Any CPU
		{95C9ADE3-DEA6-473B-94E4-D0D1534CB0FC}.Release|x86.Build.0 = Release|Any CPU
		{5C2D547B-A69F-467F-8956-760F155632B6}.Debug|Any CPU.ActiveCfg = Debug|Any CPU
		{5C2D547B-A69F-467F-8956-760F155632B6}.Debug|Any CPU.Build.0 = Debug|Any CPU
		{5C2D547B-A69F-467F-8956-760F155632B6}.Debug|x64.ActiveCfg = Debug|Any CPU
		{5C2D547B-A69F-467F-8956-760F155632B6}.Debug|x64.Build.0 = Debug|Any CPU
		{5C2D547B-A69F-467F-8956-760F155632B6}.Debug|x86.ActiveCfg = Debug|Any CPU
		{5C2D547B-A69F-467F-8956-760F155632B6}.Debug|x86.Build.0 = Debug|Any CPU
		{5C2D547B-A69F-467F-8956-760F155632B6}.Release|Any CPU.ActiveCfg = Release|Any CPU
		{5C2D547B-A69F-467F-8956-760F155632B6}.Release|Any CPU.Build.0 = Release|Any CPU
		{5C2D547B-A69F-467F-8956-760F155632B6}.Release|x64.ActiveCfg = Release|Any CPU
		{5C2D547B-A69F-467F-8956-760F155632B6}.Release|x64.Build.0 = Release|Any CPU
		{5C2D547B-A69F-467F-8956-760F155632B6}.Release|x86.ActiveCfg = Release|Any CPU
		{5C2D547B-A69F-467F-8956-760F155632B6}.Release|x86.Build.0 = Release|Any CPU
		{24E8F562-AC61-4A20-8E47-A26DC6DC3847}.Debug|Any CPU.ActiveCfg = Debug|Any CPU
		{24E8F562-AC61-4A20-8E47-A26DC6DC3847}.Debug|Any CPU.Build.0 = Debug|Any CPU
		{24E8F562-AC61-4A20-8E47-A26DC6DC3847}.Debug|x64.ActiveCfg = Debug|Any CPU
		{24E8F562-AC61-4A20-8E47-A26DC6DC3847}.Debug|x64.Build.0 = Debug|Any CPU
		{24E8F562-AC61-4A20-8E47-A26DC6DC3847}.Debug|x86.ActiveCfg = Debug|Any CPU
		{24E8F562-AC61-4A20-8E47-A26DC6DC3847}.Debug|x86.Build.0 = Debug|Any CPU
		{24E8F562-AC61-4A20-8E47-A26DC6DC3847}.Release|Any CPU.ActiveCfg = Release|Any CPU
		{24E8F562-AC61-4A20-8E47-A26DC6DC3847}.Release|Any CPU.Build.0 = Release|Any CPU
		{24E8F562-AC61-4A20-8E47-A26DC6DC3847}.Release|x64.ActiveCfg = Release|Any CPU
		{24E8F562-AC61-4A20-8E47-A26DC6DC3847}.Release|x64.Build.0 = Release|Any CPU
		{24E8F562-AC61-4A20-8E47-A26DC6DC3847}.Release|x86.ActiveCfg = Release|Any CPU
		{24E8F562-AC61-4A20-8E47-A26DC6DC3847}.Release|x86.Build.0 = Release|Any CPU
		{4979087D-1107-4DE5-B742-76DC4A4F70EE}.Debug|Any CPU.ActiveCfg = Debug|Any CPU
		{4979087D-1107-4DE5-B742-76DC4A4F70EE}.Debug|Any CPU.Build.0 = Debug|Any CPU
		{4979087D-1107-4DE5-B742-76DC4A4F70EE}.Debug|x64.ActiveCfg = Debug|Any CPU
		{4979087D-1107-4DE5-B742-76DC4A4F70EE}.Debug|x64.Build.0 = Debug|Any CPU
		{4979087D-1107-4DE5-B742-76DC4A4F70EE}.Debug|x86.ActiveCfg = Debug|Any CPU
		{4979087D-1107-4DE5-B742-76DC4A4F70EE}.Debug|x86.Build.0 = Debug|Any CPU
		{4979087D-1107-4DE5-B742-76DC4A4F70EE}.Release|Any CPU.ActiveCfg = Release|Any CPU
		{4979087D-1107-4DE5-B742-76DC4A4F70EE}.Release|Any CPU.Build.0 = Release|Any CPU
		{4979087D-1107-4DE5-B742-76DC4A4F70EE}.Release|x64.ActiveCfg = Release|Any CPU
		{4979087D-1107-4DE5-B742-76DC4A4F70EE}.Release|x64.Build.0 = Release|Any CPU
		{4979087D-1107-4DE5-B742-76DC4A4F70EE}.Release|x86.ActiveCfg = Release|Any CPU
		{4979087D-1107-4DE5-B742-76DC4A4F70EE}.Release|x86.Build.0 = Release|Any CPU
	EndGlobalSection
	GlobalSection(SolutionProperties) = preSolution
		HideSolutionNode = FALSE
	EndGlobalSection
	GlobalSection(NestedProjects) = preSolution
		{88BBA537-E5D8-4E7F-B849-5C1D91A025BD} = {F6362B3A-0FE1-47E0-A36C-FE7412C7F6A0}
		{F9E4FD1A-B664-4E14-BA8A-F0CD75432C0C} = {F6362B3A-0FE1-47E0-A36C-FE7412C7F6A0}
		{9B949BA6-8BDB-433C-86E1-88F6390E3B87} = {F6362B3A-0FE1-47E0-A36C-FE7412C7F6A0}
		{99D9B41E-4F95-4F05-B1B0-E2EAAC910C37} = {F6362B3A-0FE1-47E0-A36C-FE7412C7F6A0}
		{11B7F601-31B3-4936-B70D-FE25309EA2BD} = {F6362B3A-0FE1-47E0-A36C-FE7412C7F6A0}
		{EE5299B8-3E26-43AF-A0A4-12283B0CE700} = {F6362B3A-0FE1-47E0-A36C-FE7412C7F6A0}
		{C99CC471-69A1-4786-861A-D5694E566046} = {F6362B3A-0FE1-47E0-A36C-FE7412C7F6A0}
		{5291F054-1D6D-4815-BE22-2C6196C305EA} = {F6362B3A-0FE1-47E0-A36C-FE7412C7F6A0}
		{9557F53F-A6BA-44EE-BDCF-8E669DDE1F60} = {F6362B3A-0FE1-47E0-A36C-FE7412C7F6A0}
		{FCAF080A-6E51-4D12-8F11-FB383ECC0EC7} = {F6362B3A-0FE1-47E0-A36C-FE7412C7F6A0}
		{DB3B5233-056C-48CC-8B84-4FDAD899382D} = {F6362B3A-0FE1-47E0-A36C-FE7412C7F6A0}
		{ECE602D9-FF97-4A8F-BCF5-8CA71131CF57} = {F6362B3A-0FE1-47E0-A36C-FE7412C7F6A0}
		{1F65F1A1-157A-4029-A55E-C75C264ABBB6} = {F6362B3A-0FE1-47E0-A36C-FE7412C7F6A0}
		{03C4C5D0-3313-4818-81A1-7A5B9CD69D22} = {F6362B3A-0FE1-47E0-A36C-FE7412C7F6A0}
		{4CFD9275-3377-4F24-834A-1A2D876B0945} = {F6362B3A-0FE1-47E0-A36C-FE7412C7F6A0}
		{56684C0C-3FBE-4BDA-9966-C3237778C245} = {F6362B3A-0FE1-47E0-A36C-FE7412C7F6A0}
		{63EE4789-2854-4211-83BA-14EFC5614D89} = {F6362B3A-0FE1-47E0-A36C-FE7412C7F6A0}
		{47C239FA-C480-42B7-A2BF-A17C51754C84} = {F6362B3A-0FE1-47E0-A36C-FE7412C7F6A0}
		{C53C46A7-67ED-4472-B89B-58432CF2819A} = {F6362B3A-0FE1-47E0-A36C-FE7412C7F6A0}
		{02D51036-ED5D-4BEC-9A7C-D8CA42676397} = {F6362B3A-0FE1-47E0-A36C-FE7412C7F6A0}
		{475824A6-A93A-41D2-8ABC-7943AC635306} = {F6362B3A-0FE1-47E0-A36C-FE7412C7F6A0}
		{583FD029-1780-4B45-96A9-765B48C8F733} = {F6362B3A-0FE1-47E0-A36C-FE7412C7F6A0}
		{71C85C0A-8A1C-4179-9540-A1770D1C3A01} = {F6362B3A-0FE1-47E0-A36C-FE7412C7F6A0}
		{619E0245-0CD4-4925-8C64-E09589CC5048} = {F6362B3A-0FE1-47E0-A36C-FE7412C7F6A0}
		{CA1B7F47-1FA6-440C-A853-7BB838C0C4F7} = {F6362B3A-0FE1-47E0-A36C-FE7412C7F6A0}
		{53BFDDC0-66F7-473C-94A3-DAC41B240B10} = {F6362B3A-0FE1-47E0-A36C-FE7412C7F6A0}
		{BB42CA96-8D45-44A6-94F4-64C405C511DF} = {F6362B3A-0FE1-47E0-A36C-FE7412C7F6A0}
		{2805F2C2-5781-4513-97CB-1F1C208BC293} = {F6362B3A-0FE1-47E0-A36C-FE7412C7F6A0}
		{FFC773DD-7F06-497D-9553-FFD93E26FB73} = {F6362B3A-0FE1-47E0-A36C-FE7412C7F6A0}
		{BF8987F5-2DD1-43E0-BBF9-2B5FD2FB422D} = {F6362B3A-0FE1-47E0-A36C-FE7412C7F6A0}
		{FF05DBF4-9D8A-498E-81D1-5E7B1F93CFB6} = {F6362B3A-0FE1-47E0-A36C-FE7412C7F6A0}
		{8C231D12-CD60-457B-9B67-FD6C72D45767} = {F6362B3A-0FE1-47E0-A36C-FE7412C7F6A0}
		{FA5BB822-791B-401E-B308-D9662C10DF1A} = {F6362B3A-0FE1-47E0-A36C-FE7412C7F6A0}
		{33918893-EEBF-40A4-9FCD-8B8603D1FD4E} = {F6362B3A-0FE1-47E0-A36C-FE7412C7F6A0}
		{B63F6AD4-9BDD-4412-9FD5-C1827A2F63DD} = {F6362B3A-0FE1-47E0-A36C-FE7412C7F6A0}
		{9D1CAB44-1DCA-4903-94A5-84666754EEDD} = {F6362B3A-0FE1-47E0-A36C-FE7412C7F6A0}
		{BC8F4775-EECE-402D-9704-3B89B3098242} = {F6362B3A-0FE1-47E0-A36C-FE7412C7F6A0}
		{CA9F5993-E50C-4F76-9670-E024176371F3} = {F6362B3A-0FE1-47E0-A36C-FE7412C7F6A0}
		{7203E921-AF00-455E-B414-3BF836879A7C} = {F6362B3A-0FE1-47E0-A36C-FE7412C7F6A0}
		{7017568C-8749-4742-8DEB-484AB9577E23} = {F6362B3A-0FE1-47E0-A36C-FE7412C7F6A0}
		{95C9ADE3-DEA6-473B-94E4-D0D1534CB0FC} = {F6362B3A-0FE1-47E0-A36C-FE7412C7F6A0}
		{5C2D547B-A69F-467F-8956-760F155632B6} = {F6362B3A-0FE1-47E0-A36C-FE7412C7F6A0}
		{24E8F562-AC61-4A20-8E47-A26DC6DC3847} = {F6362B3A-0FE1-47E0-A36C-FE7412C7F6A0}
		{4979087D-1107-4DE5-B742-76DC4A4F70EE} = {F6362B3A-0FE1-47E0-A36C-FE7412C7F6A0}
	EndGlobalSection
	GlobalSection(ExtensibilityGlobals) = postSolution
		SolutionGuid = {BE1CE756-FF54-4AFB-B537-91E1557A271E}
	EndGlobalSection
EndGlobal
